// !$*UTF8*$!
{
	archiveVersion = 1;
	classes = {
	};
	objectVersion = 50;
	objects = {

/* Begin PBXBuildFile section */
		5A2FDC80216F3209004EE1F2 /* MJRefreshAutoFooter.m in Sources */ = {isa = PBXBuildFile; fileRef = 5A2FDC54216F3208004EE1F2 /* MJRefreshAutoFooter.m */; };
		5A2FDC81216F3209004EE1F2 /* MJRefreshBackFooter.m in Sources */ = {isa = PBXBuildFile; fileRef = 5A2FDC56216F3208004EE1F2 /* MJRefreshBackFooter.m */; };
		5A2FDC82216F3209004EE1F2 /* MJRefreshComponent.m in Sources */ = {isa = PBXBuildFile; fileRef = 5A2FDC58216F3208004EE1F2 /* MJRefreshComponent.m */; };
		5A2FDC83216F3209004EE1F2 /* MJRefreshFooter.m in Sources */ = {isa = PBXBuildFile; fileRef = 5A2FDC5A216F3208004EE1F2 /* MJRefreshFooter.m */; };
		5A2FDC84216F3209004EE1F2 /* MJRefreshHeader.m in Sources */ = {isa = PBXBuildFile; fileRef = 5A2FDC5C216F3208004EE1F2 /* MJRefreshHeader.m */; };
		5A2FDC85216F3209004EE1F2 /* MJRefreshAutoGifFooter.m in Sources */ = {isa = PBXBuildFile; fileRef = 5A2FDC61216F3208004EE1F2 /* MJRefreshAutoGifFooter.m */; };
		5A2FDC86216F3209004EE1F2 /* MJRefreshAutoNormalFooter.m in Sources */ = {isa = PBXBuildFile; fileRef = 5A2FDC63216F3208004EE1F2 /* MJRefreshAutoNormalFooter.m */; };
		5A2FDC87216F3209004EE1F2 /* MJRefreshAutoStateFooter.m in Sources */ = {isa = PBXBuildFile; fileRef = 5A2FDC65216F3208004EE1F2 /* MJRefreshAutoStateFooter.m */; };
		5A2FDC88216F3209004EE1F2 /* MJRefreshBackGifFooter.m in Sources */ = {isa = PBXBuildFile; fileRef = 5A2FDC68216F3208004EE1F2 /* MJRefreshBackGifFooter.m */; };
		5A2FDC89216F3209004EE1F2 /* MJRefreshBackNormalFooter.m in Sources */ = {isa = PBXBuildFile; fileRef = 5A2FDC6A216F3208004EE1F2 /* MJRefreshBackNormalFooter.m */; };
		5A2FDC8A216F3209004EE1F2 /* MJRefreshBackStateFooter.m in Sources */ = {isa = PBXBuildFile; fileRef = 5A2FDC6C216F3208004EE1F2 /* MJRefreshBackStateFooter.m */; };
		5A2FDC8B216F3209004EE1F2 /* MJRefreshGifHeader.m in Sources */ = {isa = PBXBuildFile; fileRef = 5A2FDC6F216F3208004EE1F2 /* MJRefreshGifHeader.m */; };
		5A2FDC8C216F3209004EE1F2 /* MJRefreshNormalHeader.m in Sources */ = {isa = PBXBuildFile; fileRef = 5A2FDC71216F3208004EE1F2 /* MJRefreshNormalHeader.m */; };
		5A2FDC8D216F3209004EE1F2 /* MJRefreshStateHeader.m in Sources */ = {isa = PBXBuildFile; fileRef = 5A2FDC73216F3208004EE1F2 /* MJRefreshStateHeader.m */; };
		5A2FDC8E216F3209004EE1F2 /* MJRefresh.bundle in Resources */ = {isa = PBXBuildFile; fileRef = 5A2FDC74216F3208004EE1F2 /* MJRefresh.bundle */; };
		5A2FDC8F216F3209004EE1F2 /* MJRefreshConst.m in Sources */ = {isa = PBXBuildFile; fileRef = 5A2FDC77216F3208004EE1F2 /* MJRefreshConst.m */; };
		5A2FDC90216F3209004EE1F2 /* NSBundle+MJRefresh.m in Sources */ = {isa = PBXBuildFile; fileRef = 5A2FDC79216F3208004EE1F2 /* NSBundle+MJRefresh.m */; };
		5A2FDC91216F3209004EE1F2 /* UIScrollView+MJExtension.m in Sources */ = {isa = PBXBuildFile; fileRef = 5A2FDC7B216F3208004EE1F2 /* UIScrollView+MJExtension.m */; };
		5A2FDC92216F3209004EE1F2 /* UIScrollView+MJRefresh.m in Sources */ = {isa = PBXBuildFile; fileRef = 5A2FDC7D216F3208004EE1F2 /* UIScrollView+MJRefresh.m */; };
		5A2FDC93216F3209004EE1F2 /* UIView+MJExtension.m in Sources */ = {isa = PBXBuildFile; fileRef = 5A2FDC7F216F3208004EE1F2 /* UIView+MJExtension.m */; };
		5A3786BE21707C6200DBD9B7 /* PersonViewController.swift in Sources */ = {isa = PBXBuildFile; fileRef = 5A3786BD21707C6200DBD9B7 /* PersonViewController.swift */; };
		5ACA9286216CA0840052EC26 /* AppDelegate.swift in Sources */ = {isa = PBXBuildFile; fileRef = 5ACA9285216CA0840052EC26 /* AppDelegate.swift */; };
		5ACA9288216CA0840052EC26 /* Homepage.swift in Sources */ = {isa = PBXBuildFile; fileRef = 5ACA9287216CA0840052EC26 /* Homepage.swift */; };
		5ACA928B216CA0840052EC26 /* Main.storyboard in Resources */ = {isa = PBXBuildFile; fileRef = 5ACA9289216CA0840052EC26 /* Main.storyboard */; };
		5ACA9290216CA0850052EC26 /* Assets.xcassets in Resources */ = {isa = PBXBuildFile; fileRef = 5ACA928F216CA0850052EC26 /* Assets.xcassets */; };
		5ACA9293216CA0850052EC26 /* LaunchScreen.storyboard in Resources */ = {isa = PBXBuildFile; fileRef = 5ACA9291216CA0850052EC26 /* LaunchScreen.storyboard */; };
		5ACA929E216CA0860052EC26 /* HongTaiTests.swift in Sources */ = {isa = PBXBuildFile; fileRef = 5ACA929D216CA0860052EC26 /* HongTaiTests.swift */; };
		5ACA92A9216CA0860052EC26 /* HongTaiUITests.swift in Sources */ = {isa = PBXBuildFile; fileRef = 5ACA92A8216CA0860052EC26 /* HongTaiUITests.swift */; };
		748BE81821706E46005ECDAD /* CoreDataManager.swift in Sources */ = {isa = PBXBuildFile; fileRef = 748BE81721706E46005ECDAD /* CoreDataManager.swift */; };
		922328EF216EEF59009FED79 /* HongTai.xcdatamodeld in Sources */ = {isa = PBXBuildFile; fileRef = 5ACA928C216CA0840052EC26 /* HongTai.xcdatamodeld */; };
		924D48A82170894C00508199 /* LoginViewController.swift in Sources */ = {isa = PBXBuildFile; fileRef = 924D48A72170894C00508199 /* LoginViewController.swift */; };
		924D48AA2170897300508199 /* RegisterViewController.swift in Sources */ = {isa = PBXBuildFile; fileRef = 924D48A92170897300508199 /* RegisterViewController.swift */; };
		9272AB38216D91C70026C1C6 /* Alamofire.framework in Frameworks */ = {isa = PBXBuildFile; fileRef = 9272AB2A216D91C10026C1C6 /* Alamofire.framework */; };
/* End PBXBuildFile section */

/* Begin PBXContainerItemProxy section */
		5ACA929A216CA0850052EC26 /* PBXContainerItemProxy */ = {
			isa = PBXContainerItemProxy;
			containerPortal = 5ACA927A216CA0840052EC26 /* Project object */;
			proxyType = 1;
			remoteGlobalIDString = 5ACA9281216CA0840052EC26;
			remoteInfo = HongTai;
		};
		5ACA92A5216CA0860052EC26 /* PBXContainerItemProxy */ = {
			isa = PBXContainerItemProxy;
			containerPortal = 5ACA927A216CA0840052EC26 /* Project object */;
			proxyType = 1;
			remoteGlobalIDString = 5ACA9281216CA0840052EC26;
			remoteInfo = HongTai;
		};
		9272AB29216D91C10026C1C6 /* PBXContainerItemProxy */ = {
			isa = PBXContainerItemProxy;
			containerPortal = 9272AB1E216D91C10026C1C6 /* Alamofire.xcodeproj */;
			proxyType = 2;
			remoteGlobalIDString = F8111E3319A95C8B0040E7D1;
			remoteInfo = "Alamofire iOS";
		};
		9272AB2B216D91C10026C1C6 /* PBXContainerItemProxy */ = {
			isa = PBXContainerItemProxy;
			containerPortal = 9272AB1E216D91C10026C1C6 /* Alamofire.xcodeproj */;
			proxyType = 2;
			remoteGlobalIDString = F8111E3E19A95C8B0040E7D1;
			remoteInfo = "Alamofire iOS Tests";
		};
		9272AB2D216D91C10026C1C6 /* PBXContainerItemProxy */ = {
			isa = PBXContainerItemProxy;
			containerPortal = 9272AB1E216D91C10026C1C6 /* Alamofire.xcodeproj */;
			proxyType = 2;
			remoteGlobalIDString = 4DD67C0B1A5C55C900ED2280;
			remoteInfo = "Alamofire macOS";
		};
		9272AB2F216D91C10026C1C6 /* PBXContainerItemProxy */ = {
			isa = PBXContainerItemProxy;
			containerPortal = 9272AB1E216D91C10026C1C6 /* Alamofire.xcodeproj */;
			proxyType = 2;
			remoteGlobalIDString = F829C6B21A7A94F100A2CD59;
			remoteInfo = "Alamofire macOS Tests";
		};
		9272AB31216D91C10026C1C6 /* PBXContainerItemProxy */ = {
			isa = PBXContainerItemProxy;
			containerPortal = 9272AB1E216D91C10026C1C6 /* Alamofire.xcodeproj */;
			proxyType = 2;
			remoteGlobalIDString = 4CF626EF1BA7CB3E0011A099;
			remoteInfo = "Alamofire tvOS";
		};
		9272AB33216D91C10026C1C6 /* PBXContainerItemProxy */ = {
			isa = PBXContainerItemProxy;
			containerPortal = 9272AB1E216D91C10026C1C6 /* Alamofire.xcodeproj */;
			proxyType = 2;
			remoteGlobalIDString = 4CF626F81BA7CB3E0011A099;
			remoteInfo = "Alamofire tvOS Tests";
		};
		9272AB35216D91C10026C1C6 /* PBXContainerItemProxy */ = {
			isa = PBXContainerItemProxy;
			containerPortal = 9272AB1E216D91C10026C1C6 /* Alamofire.xcodeproj */;
			proxyType = 2;
			remoteGlobalIDString = E4202FE01B667AA100C997FB;
			remoteInfo = "Alamofire watchOS";
		};
/* End PBXContainerItemProxy section */

/* Begin PBXFileReference section */
		5A2FDC53216F3208004EE1F2 /* MJRefreshAutoFooter.h */ = {isa = PBXFileReference; fileEncoding = 4; lastKnownFileType = sourcecode.c.h; path = MJRefreshAutoFooter.h; sourceTree = "<group>"; };
		5A2FDC54216F3208004EE1F2 /* MJRefreshAutoFooter.m */ = {isa = PBXFileReference; fileEncoding = 4; lastKnownFileType = sourcecode.c.objc; path = MJRefreshAutoFooter.m; sourceTree = "<group>"; };
		5A2FDC55216F3208004EE1F2 /* MJRefreshBackFooter.h */ = {isa = PBXFileReference; fileEncoding = 4; lastKnownFileType = sourcecode.c.h; path = MJRefreshBackFooter.h; sourceTree = "<group>"; };
		5A2FDC56216F3208004EE1F2 /* MJRefreshBackFooter.m */ = {isa = PBXFileReference; fileEncoding = 4; lastKnownFileType = sourcecode.c.objc; path = MJRefreshBackFooter.m; sourceTree = "<group>"; };
		5A2FDC57216F3208004EE1F2 /* MJRefreshComponent.h */ = {isa = PBXFileReference; fileEncoding = 4; lastKnownFileType = sourcecode.c.h; path = MJRefreshComponent.h; sourceTree = "<group>"; };
		5A2FDC58216F3208004EE1F2 /* MJRefreshComponent.m */ = {isa = PBXFileReference; fileEncoding = 4; lastKnownFileType = sourcecode.c.objc; path = MJRefreshComponent.m; sourceTree = "<group>"; };
		5A2FDC59216F3208004EE1F2 /* MJRefreshFooter.h */ = {isa = PBXFileReference; fileEncoding = 4; lastKnownFileType = sourcecode.c.h; path = MJRefreshFooter.h; sourceTree = "<group>"; };
		5A2FDC5A216F3208004EE1F2 /* MJRefreshFooter.m */ = {isa = PBXFileReference; fileEncoding = 4; lastKnownFileType = sourcecode.c.objc; path = MJRefreshFooter.m; sourceTree = "<group>"; };
		5A2FDC5B216F3208004EE1F2 /* MJRefreshHeader.h */ = {isa = PBXFileReference; fileEncoding = 4; lastKnownFileType = sourcecode.c.h; path = MJRefreshHeader.h; sourceTree = "<group>"; };
		5A2FDC5C216F3208004EE1F2 /* MJRefreshHeader.m */ = {isa = PBXFileReference; fileEncoding = 4; lastKnownFileType = sourcecode.c.objc; path = MJRefreshHeader.m; sourceTree = "<group>"; };
		5A2FDC60216F3208004EE1F2 /* MJRefreshAutoGifFooter.h */ = {isa = PBXFileReference; fileEncoding = 4; lastKnownFileType = sourcecode.c.h; path = MJRefreshAutoGifFooter.h; sourceTree = "<group>"; };
		5A2FDC61216F3208004EE1F2 /* MJRefreshAutoGifFooter.m */ = {isa = PBXFileReference; fileEncoding = 4; lastKnownFileType = sourcecode.c.objc; path = MJRefreshAutoGifFooter.m; sourceTree = "<group>"; };
		5A2FDC62216F3208004EE1F2 /* MJRefreshAutoNormalFooter.h */ = {isa = PBXFileReference; fileEncoding = 4; lastKnownFileType = sourcecode.c.h; path = MJRefreshAutoNormalFooter.h; sourceTree = "<group>"; };
		5A2FDC63216F3208004EE1F2 /* MJRefreshAutoNormalFooter.m */ = {isa = PBXFileReference; fileEncoding = 4; lastKnownFileType = sourcecode.c.objc; path = MJRefreshAutoNormalFooter.m; sourceTree = "<group>"; };
		5A2FDC64216F3208004EE1F2 /* MJRefreshAutoStateFooter.h */ = {isa = PBXFileReference; fileEncoding = 4; lastKnownFileType = sourcecode.c.h; path = MJRefreshAutoStateFooter.h; sourceTree = "<group>"; };
		5A2FDC65216F3208004EE1F2 /* MJRefreshAutoStateFooter.m */ = {isa = PBXFileReference; fileEncoding = 4; lastKnownFileType = sourcecode.c.objc; path = MJRefreshAutoStateFooter.m; sourceTree = "<group>"; };
		5A2FDC67216F3208004EE1F2 /* MJRefreshBackGifFooter.h */ = {isa = PBXFileReference; fileEncoding = 4; lastKnownFileType = sourcecode.c.h; path = MJRefreshBackGifFooter.h; sourceTree = "<group>"; };
		5A2FDC68216F3208004EE1F2 /* MJRefreshBackGifFooter.m */ = {isa = PBXFileReference; fileEncoding = 4; lastKnownFileType = sourcecode.c.objc; path = MJRefreshBackGifFooter.m; sourceTree = "<group>"; };
		5A2FDC69216F3208004EE1F2 /* MJRefreshBackNormalFooter.h */ = {isa = PBXFileReference; fileEncoding = 4; lastKnownFileType = sourcecode.c.h; path = MJRefreshBackNormalFooter.h; sourceTree = "<group>"; };
		5A2FDC6A216F3208004EE1F2 /* MJRefreshBackNormalFooter.m */ = {isa = PBXFileReference; fileEncoding = 4; lastKnownFileType = sourcecode.c.objc; path = MJRefreshBackNormalFooter.m; sourceTree = "<group>"; };
		5A2FDC6B216F3208004EE1F2 /* MJRefreshBackStateFooter.h */ = {isa = PBXFileReference; fileEncoding = 4; lastKnownFileType = sourcecode.c.h; path = MJRefreshBackStateFooter.h; sourceTree = "<group>"; };
		5A2FDC6C216F3208004EE1F2 /* MJRefreshBackStateFooter.m */ = {isa = PBXFileReference; fileEncoding = 4; lastKnownFileType = sourcecode.c.objc; path = MJRefreshBackStateFooter.m; sourceTree = "<group>"; };
		5A2FDC6E216F3208004EE1F2 /* MJRefreshGifHeader.h */ = {isa = PBXFileReference; fileEncoding = 4; lastKnownFileType = sourcecode.c.h; path = MJRefreshGifHeader.h; sourceTree = "<group>"; };
		5A2FDC6F216F3208004EE1F2 /* MJRefreshGifHeader.m */ = {isa = PBXFileReference; fileEncoding = 4; lastKnownFileType = sourcecode.c.objc; path = MJRefreshGifHeader.m; sourceTree = "<group>"; };
		5A2FDC70216F3208004EE1F2 /* MJRefreshNormalHeader.h */ = {isa = PBXFileReference; fileEncoding = 4; lastKnownFileType = sourcecode.c.h; path = MJRefreshNormalHeader.h; sourceTree = "<group>"; };
		5A2FDC71216F3208004EE1F2 /* MJRefreshNormalHeader.m */ = {isa = PBXFileReference; fileEncoding = 4; lastKnownFileType = sourcecode.c.objc; path = MJRefreshNormalHeader.m; sourceTree = "<group>"; };
		5A2FDC72216F3208004EE1F2 /* MJRefreshStateHeader.h */ = {isa = PBXFileReference; fileEncoding = 4; lastKnownFileType = sourcecode.c.h; path = MJRefreshStateHeader.h; sourceTree = "<group>"; };
		5A2FDC73216F3208004EE1F2 /* MJRefreshStateHeader.m */ = {isa = PBXFileReference; fileEncoding = 4; lastKnownFileType = sourcecode.c.objc; path = MJRefreshStateHeader.m; sourceTree = "<group>"; };
		5A2FDC74216F3208004EE1F2 /* MJRefresh.bundle */ = {isa = PBXFileReference; lastKnownFileType = "wrapper.plug-in"; path = MJRefresh.bundle; sourceTree = "<group>"; };
		5A2FDC75216F3208004EE1F2 /* MJRefresh.h */ = {isa = PBXFileReference; fileEncoding = 4; lastKnownFileType = sourcecode.c.h; path = MJRefresh.h; sourceTree = "<group>"; };
		5A2FDC76216F3208004EE1F2 /* MJRefreshConst.h */ = {isa = PBXFileReference; fileEncoding = 4; lastKnownFileType = sourcecode.c.h; path = MJRefreshConst.h; sourceTree = "<group>"; };
		5A2FDC77216F3208004EE1F2 /* MJRefreshConst.m */ = {isa = PBXFileReference; fileEncoding = 4; lastKnownFileType = sourcecode.c.objc; path = MJRefreshConst.m; sourceTree = "<group>"; };
		5A2FDC78216F3208004EE1F2 /* NSBundle+MJRefresh.h */ = {isa = PBXFileReference; fileEncoding = 4; lastKnownFileType = sourcecode.c.h; path = "NSBundle+MJRefresh.h"; sourceTree = "<group>"; };
		5A2FDC79216F3208004EE1F2 /* NSBundle+MJRefresh.m */ = {isa = PBXFileReference; fileEncoding = 4; lastKnownFileType = sourcecode.c.objc; path = "NSBundle+MJRefresh.m"; sourceTree = "<group>"; };
		5A2FDC7A216F3208004EE1F2 /* UIScrollView+MJExtension.h */ = {isa = PBXFileReference; fileEncoding = 4; lastKnownFileType = sourcecode.c.h; path = "UIScrollView+MJExtension.h"; sourceTree = "<group>"; };
		5A2FDC7B216F3208004EE1F2 /* UIScrollView+MJExtension.m */ = {isa = PBXFileReference; fileEncoding = 4; lastKnownFileType = sourcecode.c.objc; path = "UIScrollView+MJExtension.m"; sourceTree = "<group>"; };
		5A2FDC7C216F3208004EE1F2 /* UIScrollView+MJRefresh.h */ = {isa = PBXFileReference; fileEncoding = 4; lastKnownFileType = sourcecode.c.h; path = "UIScrollView+MJRefresh.h"; sourceTree = "<group>"; };
		5A2FDC7D216F3208004EE1F2 /* UIScrollView+MJRefresh.m */ = {isa = PBXFileReference; fileEncoding = 4; lastKnownFileType = sourcecode.c.objc; path = "UIScrollView+MJRefresh.m"; sourceTree = "<group>"; };
		5A2FDC7E216F3208004EE1F2 /* UIView+MJExtension.h */ = {isa = PBXFileReference; fileEncoding = 4; lastKnownFileType = sourcecode.c.h; path = "UIView+MJExtension.h"; sourceTree = "<group>"; };
		5A2FDC7F216F3208004EE1F2 /* UIView+MJExtension.m */ = {isa = PBXFileReference; fileEncoding = 4; lastKnownFileType = sourcecode.c.objc; path = "UIView+MJExtension.m"; sourceTree = "<group>"; };
		5A2FDC94216F3248004EE1F2 /* bridge.h */ = {isa = PBXFileReference; lastKnownFileType = sourcecode.c.h; path = bridge.h; sourceTree = "<group>"; };
		5A3786BD21707C6200DBD9B7 /* PersonViewController.swift */ = {isa = PBXFileReference; lastKnownFileType = sourcecode.swift; path = PersonViewController.swift; sourceTree = "<group>"; };
		5ACA9282216CA0840052EC26 /* HongTai.app */ = {isa = PBXFileReference; explicitFileType = wrapper.application; includeInIndex = 0; path = HongTai.app; sourceTree = BUILT_PRODUCTS_DIR; };
		5ACA9285216CA0840052EC26 /* AppDelegate.swift */ = {isa = PBXFileReference; lastKnownFileType = sourcecode.swift; path = AppDelegate.swift; sourceTree = "<group>"; };
		5ACA9287216CA0840052EC26 /* Homepage.swift */ = {isa = PBXFileReference; lastKnownFileType = sourcecode.swift; path = Homepage.swift; sourceTree = "<group>"; };
		5ACA928A216CA0840052EC26 /* Base */ = {isa = PBXFileReference; lastKnownFileType = file.storyboard; name = Base; path = Base.lproj/Main.storyboard; sourceTree = "<group>"; };
		5ACA928D216CA0840052EC26 /* HongTai.xcdatamodel */ = {isa = PBXFileReference; lastKnownFileType = wrapper.xcdatamodel; path = HongTai.xcdatamodel; sourceTree = "<group>"; };
		5ACA928F216CA0850052EC26 /* Assets.xcassets */ = {isa = PBXFileReference; lastKnownFileType = folder.assetcatalog; path = Assets.xcassets; sourceTree = "<group>"; };
		5ACA9292216CA0850052EC26 /* Base */ = {isa = PBXFileReference; lastKnownFileType = file.storyboard; name = Base; path = Base.lproj/LaunchScreen.storyboard; sourceTree = "<group>"; };
		5ACA9294216CA0850052EC26 /* Info.plist */ = {isa = PBXFileReference; lastKnownFileType = text.plist.xml; path = Info.plist; sourceTree = "<group>"; };
		5ACA9299216CA0850052EC26 /* HongTaiTests.xctest */ = {isa = PBXFileReference; explicitFileType = wrapper.cfbundle; includeInIndex = 0; path = HongTaiTests.xctest; sourceTree = BUILT_PRODUCTS_DIR; };
		5ACA929D216CA0860052EC26 /* HongTaiTests.swift */ = {isa = PBXFileReference; lastKnownFileType = sourcecode.swift; path = HongTaiTests.swift; sourceTree = "<group>"; };
		5ACA929F216CA0860052EC26 /* Info.plist */ = {isa = PBXFileReference; lastKnownFileType = text.plist.xml; path = Info.plist; sourceTree = "<group>"; };
		5ACA92A4216CA0860052EC26 /* HongTaiUITests.xctest */ = {isa = PBXFileReference; explicitFileType = wrapper.cfbundle; includeInIndex = 0; path = HongTaiUITests.xctest; sourceTree = BUILT_PRODUCTS_DIR; };
		5ACA92A8216CA0860052EC26 /* HongTaiUITests.swift */ = {isa = PBXFileReference; lastKnownFileType = sourcecode.swift; path = HongTaiUITests.swift; sourceTree = "<group>"; };
		5ACA92AA216CA0860052EC26 /* Info.plist */ = {isa = PBXFileReference; lastKnownFileType = text.plist.xml; path = Info.plist; sourceTree = "<group>"; };
		748BE81721706E46005ECDAD /* CoreDataManager.swift */ = {isa = PBXFileReference; lastKnownFileType = sourcecode.swift; path = CoreDataManager.swift; sourceTree = "<group>"; };
		924D48A72170894C00508199 /* LoginViewController.swift */ = {isa = PBXFileReference; lastKnownFileType = sourcecode.swift; path = LoginViewController.swift; sourceTree = "<group>"; };
		924D48A92170897300508199 /* RegisterViewController.swift */ = {isa = PBXFileReference; lastKnownFileType = sourcecode.swift; path = RegisterViewController.swift; sourceTree = "<group>"; };
		9272AB1E216D91C10026C1C6 /* Alamofire.xcodeproj */ = {isa = PBXFileReference; lastKnownFileType = "wrapper.pb-project"; name = Alamofire.xcodeproj; path = "Alamofire-master/Alamofire.xcodeproj"; sourceTree = "<group>"; };
/* End PBXFileReference section */

/* Begin PBXFrameworksBuildPhase section */
		5ACA927F216CA0840052EC26 /* Frameworks */ = {
			isa = PBXFrameworksBuildPhase;
			buildActionMask = 2147483647;
			files = (
				9272AB38216D91C70026C1C6 /* Alamofire.framework in Frameworks */,
			);
			runOnlyForDeploymentPostprocessing = 0;
		};
		5ACA9296216CA0850052EC26 /* Frameworks */ = {
			isa = PBXFrameworksBuildPhase;
			buildActionMask = 2147483647;
			files = (
			);
			runOnlyForDeploymentPostprocessing = 0;
		};
		5ACA92A1216CA0860052EC26 /* Frameworks */ = {
			isa = PBXFrameworksBuildPhase;
			buildActionMask = 2147483647;
			files = (
			);
			runOnlyForDeploymentPostprocessing = 0;
		};
/* End PBXFrameworksBuildPhase section */

/* Begin PBXGroup section */
		5A2FDC51216F3208004EE1F2 /* MJRefresh */ = {
			isa = PBXGroup;
			children = (
				5A2FDC52216F3208004EE1F2 /* Base */,
				5A2FDC5D216F3208004EE1F2 /* Custom */,
				5A2FDC74216F3208004EE1F2 /* MJRefresh.bundle */,
				5A2FDC75216F3208004EE1F2 /* MJRefresh.h */,
				5A2FDC76216F3208004EE1F2 /* MJRefreshConst.h */,
				5A2FDC77216F3208004EE1F2 /* MJRefreshConst.m */,
				5A2FDC78216F3208004EE1F2 /* NSBundle+MJRefresh.h */,
				5A2FDC79216F3208004EE1F2 /* NSBundle+MJRefresh.m */,
				5A2FDC7A216F3208004EE1F2 /* UIScrollView+MJExtension.h */,
				5A2FDC7B216F3208004EE1F2 /* UIScrollView+MJExtension.m */,
				5A2FDC7C216F3208004EE1F2 /* UIScrollView+MJRefresh.h */,
				5A2FDC7D216F3208004EE1F2 /* UIScrollView+MJRefresh.m */,
				5A2FDC7E216F3208004EE1F2 /* UIView+MJExtension.h */,
				5A2FDC7F216F3208004EE1F2 /* UIView+MJExtension.m */,
			);
			path = MJRefresh;
			sourceTree = "<group>";
		};
		5A2FDC52216F3208004EE1F2 /* Base */ = {
			isa = PBXGroup;
			children = (
				5A2FDC53216F3208004EE1F2 /* MJRefreshAutoFooter.h */,
				5A2FDC54216F3208004EE1F2 /* MJRefreshAutoFooter.m */,
				5A2FDC55216F3208004EE1F2 /* MJRefreshBackFooter.h */,
				5A2FDC56216F3208004EE1F2 /* MJRefreshBackFooter.m */,
				5A2FDC57216F3208004EE1F2 /* MJRefreshComponent.h */,
				5A2FDC58216F3208004EE1F2 /* MJRefreshComponent.m */,
				5A2FDC59216F3208004EE1F2 /* MJRefreshFooter.h */,
				5A2FDC5A216F3208004EE1F2 /* MJRefreshFooter.m */,
				5A2FDC5B216F3208004EE1F2 /* MJRefreshHeader.h */,
				5A2FDC5C216F3208004EE1F2 /* MJRefreshHeader.m */,
			);
			path = Base;
			sourceTree = "<group>";
		};
		5A2FDC5D216F3208004EE1F2 /* Custom */ = {
			isa = PBXGroup;
			children = (
				5A2FDC5E216F3208004EE1F2 /* Footer */,
				5A2FDC6D216F3208004EE1F2 /* Header */,
			);
			path = Custom;
			sourceTree = "<group>";
		};
		5A2FDC5E216F3208004EE1F2 /* Footer */ = {
			isa = PBXGroup;
			children = (
				5A2FDC5F216F3208004EE1F2 /* Auto */,
				5A2FDC66216F3208004EE1F2 /* Back */,
			);
			path = Footer;
			sourceTree = "<group>";
		};
		5A2FDC5F216F3208004EE1F2 /* Auto */ = {
			isa = PBXGroup;
			children = (
				5A2FDC60216F3208004EE1F2 /* MJRefreshAutoGifFooter.h */,
				5A2FDC61216F3208004EE1F2 /* MJRefreshAutoGifFooter.m */,
				5A2FDC62216F3208004EE1F2 /* MJRefreshAutoNormalFooter.h */,
				5A2FDC63216F3208004EE1F2 /* MJRefreshAutoNormalFooter.m */,
				5A2FDC64216F3208004EE1F2 /* MJRefreshAutoStateFooter.h */,
				5A2FDC65216F3208004EE1F2 /* MJRefreshAutoStateFooter.m */,
			);
			path = Auto;
			sourceTree = "<group>";
		};
		5A2FDC66216F3208004EE1F2 /* Back */ = {
			isa = PBXGroup;
			children = (
				5A2FDC67216F3208004EE1F2 /* MJRefreshBackGifFooter.h */,
				5A2FDC68216F3208004EE1F2 /* MJRefreshBackGifFooter.m */,
				5A2FDC69216F3208004EE1F2 /* MJRefreshBackNormalFooter.h */,
				5A2FDC6A216F3208004EE1F2 /* MJRefreshBackNormalFooter.m */,
				5A2FDC6B216F3208004EE1F2 /* MJRefreshBackStateFooter.h */,
				5A2FDC6C216F3208004EE1F2 /* MJRefreshBackStateFooter.m */,
			);
			path = Back;
			sourceTree = "<group>";
		};
		5A2FDC6D216F3208004EE1F2 /* Header */ = {
			isa = PBXGroup;
			children = (
				5A2FDC6E216F3208004EE1F2 /* MJRefreshGifHeader.h */,
				5A2FDC6F216F3208004EE1F2 /* MJRefreshGifHeader.m */,
				5A2FDC70216F3208004EE1F2 /* MJRefreshNormalHeader.h */,
				5A2FDC71216F3208004EE1F2 /* MJRefreshNormalHeader.m */,
				5A2FDC72216F3208004EE1F2 /* MJRefreshStateHeader.h */,
				5A2FDC73216F3208004EE1F2 /* MJRefreshStateHeader.m */,
			);
			path = Header;
			sourceTree = "<group>";
		};
		5A3786BC21707C4500DBD9B7 /* 个人中心 */ = {
			isa = PBXGroup;
			children = (
				5A3786BD21707C6200DBD9B7 /* PersonViewController.swift */,
			);
			name = "个人中心";
			path = "New Group";
			sourceTree = "<group>";
		};
		5ACA9279216CA0840052EC26 = {
			isa = PBXGroup;
			children = (
				5A2FDC94216F3248004EE1F2 /* bridge.h */,
				5A2FDC51216F3208004EE1F2 /* MJRefresh */,
				9272AB1E216D91C10026C1C6 /* Alamofire.xcodeproj */,
				748BE82121707972005ECDAD /* CoreData */,
				5ACA9284216CA0840052EC26 /* HongTai */,
				5ACA929C216CA0850052EC26 /* HongTaiTests */,
				5ACA92A7216CA0860052EC26 /* HongTaiUITests */,
				5ACA9283216CA0840052EC26 /* Products */,
				9272AB37216D91C70026C1C6 /* Frameworks */,
			);
			sourceTree = "<group>";
		};
		5ACA9283216CA0840052EC26 /* Products */ = {
			isa = PBXGroup;
			children = (
				5ACA9282216CA0840052EC26 /* HongTai.app */,
				5ACA9299216CA0850052EC26 /* HongTaiTests.xctest */,
				5ACA92A4216CA0860052EC26 /* HongTaiUITests.xctest */,
			);
			name = Products;
			sourceTree = "<group>";
		};
		5ACA9284216CA0840052EC26 /* HongTai */ = {
			isa = PBXGroup;
			children = (
				924D48A62170892C00508199 /* 登录和注册 */,
				924D489D21707D8200508199 /* 首页 */,
				5A3786BC21707C4500DBD9B7 /* 个人中心 */,
				5ACA9285216CA0840052EC26 /* AppDelegate.swift */,
				5ACA9289216CA0840052EC26 /* Main.storyboard */,
				5ACA928F216CA0850052EC26 /* Assets.xcassets */,
				5ACA9291216CA0850052EC26 /* LaunchScreen.storyboard */,
				5ACA9294216CA0850052EC26 /* Info.plist */,
			);
			path = HongTai;
			sourceTree = "<group>";
		};
		5ACA929C216CA0850052EC26 /* HongTaiTests */ = {
			isa = PBXGroup;
			children = (
				5ACA929D216CA0860052EC26 /* HongTaiTests.swift */,
				5ACA929F216CA0860052EC26 /* Info.plist */,
			);
			path = HongTaiTests;
			sourceTree = "<group>";
		};
		5ACA92A7216CA0860052EC26 /* HongTaiUITests */ = {
			isa = PBXGroup;
			children = (
				5ACA92A8216CA0860052EC26 /* HongTaiUITests.swift */,
				5ACA92AA216CA0860052EC26 /* Info.plist */,
			);
			path = HongTaiUITests;
			sourceTree = "<group>";
		};
		748BE82121707972005ECDAD /* CoreData */ = {
			isa = PBXGroup;
			children = (
				5ACA928C216CA0840052EC26 /* HongTai.xcdatamodeld */,
				748BE81721706E46005ECDAD /* CoreDataManager.swift */,
			);
			path = CoreData;
			sourceTree = "<group>";
		};
		924D489D21707D8200508199 /* 首页 */ = {
			isa = PBXGroup;
			children = (
				5ACA9287216CA0840052EC26 /* Homepage.swift */,
			);
			path = "首页";
			sourceTree = "<group>";
		};
		924D48A62170892C00508199 /* 登录和注册 */ = {
			isa = PBXGroup;
			children = (
				924D48A72170894C00508199 /* LoginViewController.swift */,
				924D48A92170897300508199 /* RegisterViewController.swift */,
			);
			path = "登录和注册";
			sourceTree = "<group>";
		};
		9272AB1F216D91C10026C1C6 /* Products */ = {
			isa = PBXGroup;
			children = (
				9272AB2A216D91C10026C1C6 /* Alamofire.framework */,
				9272AB2C216D91C10026C1C6 /* Alamofire iOS Tests.xctest */,
				9272AB2E216D91C10026C1C6 /* Alamofire.framework */,
				9272AB30216D91C10026C1C6 /* Alamofire macOS Tests.xctest */,
				9272AB32216D91C10026C1C6 /* Alamofire.framework */,
				9272AB34216D91C10026C1C6 /* Alamofire tvOS Tests.xctest */,
				9272AB36216D91C10026C1C6 /* Alamofire.framework */,
			);
			name = Products;
			sourceTree = "<group>";
		};
		9272AB37216D91C70026C1C6 /* Frameworks */ = {
			isa = PBXGroup;
			children = (
			);
			name = Frameworks;
			sourceTree = "<group>";
		};
/* End PBXGroup section */

/* Begin PBXNativeTarget section */
		5ACA9281216CA0840052EC26 /* HongTai */ = {
			isa = PBXNativeTarget;
			buildConfigurationList = 5ACA92AD216CA0860052EC26 /* Build configuration list for PBXNativeTarget "HongTai" */;
			buildPhases = (
				5ACA927E216CA0840052EC26 /* Sources */,
				5ACA927F216CA0840052EC26 /* Frameworks */,
				5ACA9280216CA0840052EC26 /* Resources */,
			);
			buildRules = (
			);
			dependencies = (
			);
			name = HongTai;
			productName = HongTai;
			productReference = 5ACA9282216CA0840052EC26 /* HongTai.app */;
			productType = "com.apple.product-type.application";
		};
		5ACA9298216CA0850052EC26 /* HongTaiTests */ = {
			isa = PBXNativeTarget;
			buildConfigurationList = 5ACA92B0216CA0860052EC26 /* Build configuration list for PBXNativeTarget "HongTaiTests" */;
			buildPhases = (
				5ACA9295216CA0850052EC26 /* Sources */,
				5ACA9296216CA0850052EC26 /* Frameworks */,
				5ACA9297216CA0850052EC26 /* Resources */,
			);
			buildRules = (
			);
			dependencies = (
				5ACA929B216CA0850052EC26 /* PBXTargetDependency */,
			);
			name = HongTaiTests;
			productName = HongTaiTests;
			productReference = 5ACA9299216CA0850052EC26 /* HongTaiTests.xctest */;
			productType = "com.apple.product-type.bundle.unit-test";
		};
		5ACA92A3216CA0860052EC26 /* HongTaiUITests */ = {
			isa = PBXNativeTarget;
			buildConfigurationList = 5ACA92B3216CA0860052EC26 /* Build configuration list for PBXNativeTarget "HongTaiUITests" */;
			buildPhases = (
				5ACA92A0216CA0860052EC26 /* Sources */,
				5ACA92A1216CA0860052EC26 /* Frameworks */,
				5ACA92A2216CA0860052EC26 /* Resources */,
			);
			buildRules = (
			);
			dependencies = (
				5ACA92A6216CA0860052EC26 /* PBXTargetDependency */,
			);
			name = HongTaiUITests;
			productName = HongTaiUITests;
			productReference = 5ACA92A4216CA0860052EC26 /* HongTaiUITests.xctest */;
			productType = "com.apple.product-type.bundle.ui-testing";
		};
/* End PBXNativeTarget section */

/* Begin PBXProject section */
		5ACA927A216CA0840052EC26 /* Project object */ = {
			isa = PBXProject;
			attributes = {
				LastSwiftUpdateCheck = 1000;
				LastUpgradeCheck = 1000;
				ORGANIZATIONNAME = "欧张帆";
				TargetAttributes = {
					5ACA9281216CA0840052EC26 = {
						CreatedOnToolsVersion = 10.0;
					};
					5ACA9298216CA0850052EC26 = {
						CreatedOnToolsVersion = 10.0;
						TestTargetID = 5ACA9281216CA0840052EC26;
					};
					5ACA92A3216CA0860052EC26 = {
						CreatedOnToolsVersion = 10.0;
						TestTargetID = 5ACA9281216CA0840052EC26;
					};
				};
			};
			buildConfigurationList = 5ACA927D216CA0840052EC26 /* Build configuration list for PBXProject "HongTai" */;
			compatibilityVersion = "Xcode 9.3";
			developmentRegion = en;
			hasScannedForEncodings = 0;
			knownRegions = (
				en,
				Base,
			);
			mainGroup = 5ACA9279216CA0840052EC26;
			productRefGroup = 5ACA9283216CA0840052EC26 /* Products */;
			projectDirPath = "";
			projectReferences = (
				{
					ProductGroup = 9272AB1F216D91C10026C1C6 /* Products */;
					ProjectRef = 9272AB1E216D91C10026C1C6 /* Alamofire.xcodeproj */;
				},
			);
			projectRoot = "";
			targets = (
				5ACA9281216CA0840052EC26 /* HongTai */,
				5ACA9298216CA0850052EC26 /* HongTaiTests */,
				5ACA92A3216CA0860052EC26 /* HongTaiUITests */,
			);
		};
/* End PBXProject section */

/* Begin PBXReferenceProxy section */
		9272AB2A216D91C10026C1C6 /* Alamofire.framework */ = {
			isa = PBXReferenceProxy;
			fileType = wrapper.framework;
			path = Alamofire.framework;
			remoteRef = 9272AB29216D91C10026C1C6 /* PBXContainerItemProxy */;
			sourceTree = BUILT_PRODUCTS_DIR;
		};
		9272AB2C216D91C10026C1C6 /* Alamofire iOS Tests.xctest */ = {
			isa = PBXReferenceProxy;
			fileType = wrapper.cfbundle;
			path = "Alamofire iOS Tests.xctest";
			remoteRef = 9272AB2B216D91C10026C1C6 /* PBXContainerItemProxy */;
			sourceTree = BUILT_PRODUCTS_DIR;
		};
		9272AB2E216D91C10026C1C6 /* Alamofire.framework */ = {
			isa = PBXReferenceProxy;
			fileType = wrapper.framework;
			path = Alamofire.framework;
			remoteRef = 9272AB2D216D91C10026C1C6 /* PBXContainerItemProxy */;
			sourceTree = BUILT_PRODUCTS_DIR;
		};
		9272AB30216D91C10026C1C6 /* Alamofire macOS Tests.xctest */ = {
			isa = PBXReferenceProxy;
			fileType = wrapper.cfbundle;
			path = "Alamofire macOS Tests.xctest";
			remoteRef = 9272AB2F216D91C10026C1C6 /* PBXContainerItemProxy */;
			sourceTree = BUILT_PRODUCTS_DIR;
		};
		9272AB32216D91C10026C1C6 /* Alamofire.framework */ = {
			isa = PBXReferenceProxy;
			fileType = wrapper.framework;
			path = Alamofire.framework;
			remoteRef = 9272AB31216D91C10026C1C6 /* PBXContainerItemProxy */;
			sourceTree = BUILT_PRODUCTS_DIR;
		};
		9272AB34216D91C10026C1C6 /* Alamofire tvOS Tests.xctest */ = {
			isa = PBXReferenceProxy;
			fileType = wrapper.cfbundle;
			path = "Alamofire tvOS Tests.xctest";
			remoteRef = 9272AB33216D91C10026C1C6 /* PBXContainerItemProxy */;
			sourceTree = BUILT_PRODUCTS_DIR;
		};
		9272AB36216D91C10026C1C6 /* Alamofire.framework */ = {
			isa = PBXReferenceProxy;
			fileType = wrapper.framework;
			path = Alamofire.framework;
			remoteRef = 9272AB35216D91C10026C1C6 /* PBXContainerItemProxy */;
			sourceTree = BUILT_PRODUCTS_DIR;
		};
/* End PBXReferenceProxy section */

/* Begin PBXResourcesBuildPhase section */
		5ACA9280216CA0840052EC26 /* Resources */ = {
			isa = PBXResourcesBuildPhase;
			buildActionMask = 2147483647;
			files = (
				5ACA9293216CA0850052EC26 /* LaunchScreen.storyboard in Resources */,
				5ACA9290216CA0850052EC26 /* Assets.xcassets in Resources */,
				5A2FDC8E216F3209004EE1F2 /* MJRefresh.bundle in Resources */,
				5ACA928B216CA0840052EC26 /* Main.storyboard in Resources */,
			);
			runOnlyForDeploymentPostprocessing = 0;
		};
		5ACA9297216CA0850052EC26 /* Resources */ = {
			isa = PBXResourcesBuildPhase;
			buildActionMask = 2147483647;
			files = (
			);
			runOnlyForDeploymentPostprocessing = 0;
		};
		5ACA92A2216CA0860052EC26 /* Resources */ = {
			isa = PBXResourcesBuildPhase;
			buildActionMask = 2147483647;
			files = (
			);
			runOnlyForDeploymentPostprocessing = 0;
		};
/* End PBXResourcesBuildPhase section */

/* Begin PBXSourcesBuildPhase section */
		5ACA927E216CA0840052EC26 /* Sources */ = {
			isa = PBXSourcesBuildPhase;
			buildActionMask = 2147483647;
			files = (
				922328EF216EEF59009FED79 /* HongTai.xcdatamodeld in Sources */,
				5A2FDC90216F3209004EE1F2 /* NSBundle+MJRefresh.m in Sources */,
				5A2FDC86216F3209004EE1F2 /* MJRefreshAutoNormalFooter.m in Sources */,
				5A2FDC85216F3209004EE1F2 /* MJRefreshAutoGifFooter.m in Sources */,
				5A2FDC91216F3209004EE1F2 /* UIScrollView+MJExtension.m in Sources */,
				5A2FDC8B216F3209004EE1F2 /* MJRefreshGifHeader.m in Sources */,
				5ACA9288216CA0840052EC26 /* Homepage.swift in Sources */,
				5A2FDC82216F3209004EE1F2 /* MJRefreshComponent.m in Sources */,
				748BE81821706E46005ECDAD /* CoreDataManager.swift in Sources */,
				5A2FDC84216F3209004EE1F2 /* MJRefreshHeader.m in Sources */,
				5A2FDC93216F3209004EE1F2 /* UIView+MJExtension.m in Sources */,
				5A2FDC8A216F3209004EE1F2 /* MJRefreshBackStateFooter.m in Sources */,
				5A2FDC80216F3209004EE1F2 /* MJRefreshAutoFooter.m in Sources */,
				924D48A82170894C00508199 /* LoginViewController.swift in Sources */,
				5A2FDC92216F3209004EE1F2 /* UIScrollView+MJRefresh.m in Sources */,
				5A2FDC88216F3209004EE1F2 /* MJRefreshBackGifFooter.m in Sources */,
				5A2FDC8C216F3209004EE1F2 /* MJRefreshNormalHeader.m in Sources */,
				5A2FDC87216F3209004EE1F2 /* MJRefreshAutoStateFooter.m in Sources */,
				5A2FDC81216F3209004EE1F2 /* MJRefreshBackFooter.m in Sources */,
				5ACA9286216CA0840052EC26 /* AppDelegate.swift in Sources */,
				5A3786BE21707C6200DBD9B7 /* PersonViewController.swift in Sources */,
				5A2FDC8F216F3209004EE1F2 /* MJRefreshConst.m in Sources */,
				5A2FDC89216F3209004EE1F2 /* MJRefreshBackNormalFooter.m in Sources */,
				924D48AA2170897300508199 /* RegisterViewController.swift in Sources */,
				5A2FDC8D216F3209004EE1F2 /* MJRefreshStateHeader.m in Sources */,
				5A2FDC83216F3209004EE1F2 /* MJRefreshFooter.m in Sources */,
			);
			runOnlyForDeploymentPostprocessing = 0;
		};
		5ACA9295216CA0850052EC26 /* Sources */ = {
			isa = PBXSourcesBuildPhase;
			buildActionMask = 2147483647;
			files = (
				5ACA929E216CA0860052EC26 /* HongTaiTests.swift in Sources */,
			);
			runOnlyForDeploymentPostprocessing = 0;
		};
		5ACA92A0216CA0860052EC26 /* Sources */ = {
			isa = PBXSourcesBuildPhase;
			buildActionMask = 2147483647;
			files = (
				5ACA92A9216CA0860052EC26 /* HongTaiUITests.swift in Sources */,
			);
			runOnlyForDeploymentPostprocessing = 0;
		};
/* End PBXSourcesBuildPhase section */

/* Begin PBXTargetDependency section */
		5ACA929B216CA0850052EC26 /* PBXTargetDependency */ = {
			isa = PBXTargetDependency;
			target = 5ACA9281216CA0840052EC26 /* HongTai */;
			targetProxy = 5ACA929A216CA0850052EC26 /* PBXContainerItemProxy */;
		};
		5ACA92A6216CA0860052EC26 /* PBXTargetDependency */ = {
			isa = PBXTargetDependency;
			target = 5ACA9281216CA0840052EC26 /* HongTai */;
			targetProxy = 5ACA92A5216CA0860052EC26 /* PBXContainerItemProxy */;
		};
/* End PBXTargetDependency section */

/* Begin PBXVariantGroup section */
		5ACA9289216CA0840052EC26 /* Main.storyboard */ = {
			isa = PBXVariantGroup;
			children = (
				5ACA928A216CA0840052EC26 /* Base */,
			);
			name = Main.storyboard;
			sourceTree = "<group>";
		};
		5ACA9291216CA0850052EC26 /* LaunchScreen.storyboard */ = {
			isa = PBXVariantGroup;
			children = (
				5ACA9292216CA0850052EC26 /* Base */,
			);
			name = LaunchScreen.storyboard;
			sourceTree = "<group>";
		};
/* End PBXVariantGroup section */

/* Begin XCBuildConfiguration section */
		5ACA92AB216CA0860052EC26 /* Debug */ = {
			isa = XCBuildConfiguration;
			buildSettings = {
				ALWAYS_SEARCH_USER_PATHS = NO;
				CLANG_ANALYZER_NONNULL = YES;
				CLANG_ANALYZER_NUMBER_OBJECT_CONVERSION = YES_AGGRESSIVE;
				CLANG_CXX_LANGUAGE_STANDARD = "gnu++14";
				CLANG_CXX_LIBRARY = "libc++";
				CLANG_ENABLE_MODULES = YES;
				CLANG_ENABLE_OBJC_ARC = YES;
				CLANG_ENABLE_OBJC_WEAK = YES;
				CLANG_WARN_BLOCK_CAPTURE_AUTORELEASING = YES;
				CLANG_WARN_BOOL_CONVERSION = YES;
				CLANG_WARN_COMMA = YES;
				CLANG_WARN_CONSTANT_CONVERSION = YES;
				CLANG_WARN_DEPRECATED_OBJC_IMPLEMENTATIONS = YES;
				CLANG_WARN_DIRECT_OBJC_ISA_USAGE = YES_ERROR;
				CLANG_WARN_DOCUMENTATION_COMMENTS = YES;
				CLANG_WARN_EMPTY_BODY = YES;
				CLANG_WARN_ENUM_CONVERSION = YES;
				CLANG_WARN_INFINITE_RECURSION = YES;
				CLANG_WARN_INT_CONVERSION = YES;
				CLANG_WARN_NON_LITERAL_NULL_CONVERSION = YES;
				CLANG_WARN_OBJC_IMPLICIT_RETAIN_SELF = YES;
				CLANG_WARN_OBJC_LITERAL_CONVERSION = YES;
				CLANG_WARN_OBJC_ROOT_CLASS = YES_ERROR;
				CLANG_WARN_RANGE_LOOP_ANALYSIS = YES;
				CLANG_WARN_STRICT_PROTOTYPES = YES;
				CLANG_WARN_SUSPICIOUS_MOVE = YES;
				CLANG_WARN_UNGUARDED_AVAILABILITY = YES_AGGRESSIVE;
				CLANG_WARN_UNREACHABLE_CODE = YES;
				CLANG_WARN__DUPLICATE_METHOD_MATCH = YES;
				CODE_SIGN_IDENTITY = "iPhone Developer";
				COPY_PHASE_STRIP = NO;
				DEBUG_INFORMATION_FORMAT = dwarf;
				ENABLE_STRICT_OBJC_MSGSEND = YES;
				ENABLE_TESTABILITY = YES;
				GCC_C_LANGUAGE_STANDARD = gnu11;
				GCC_DYNAMIC_NO_PIC = NO;
				GCC_NO_COMMON_BLOCKS = YES;
				GCC_OPTIMIZATION_LEVEL = 0;
				GCC_PREPROCESSOR_DEFINITIONS = (
					"DEBUG=1",
					"$(inherited)",
				);
				GCC_WARN_64_TO_32_BIT_CONVERSION = YES;
				GCC_WARN_ABOUT_RETURN_TYPE = YES_ERROR;
				GCC_WARN_UNDECLARED_SELECTOR = YES;
				GCC_WARN_UNINITIALIZED_AUTOS = YES_AGGRESSIVE;
				GCC_WARN_UNUSED_FUNCTION = YES;
				GCC_WARN_UNUSED_VARIABLE = YES;
				IPHONEOS_DEPLOYMENT_TARGET = 12.0;
				MTL_ENABLE_DEBUG_INFO = INCLUDE_SOURCE;
				MTL_FAST_MATH = YES;
				ONLY_ACTIVE_ARCH = YES;
				SDKROOT = iphoneos;
				SWIFT_ACTIVE_COMPILATION_CONDITIONS = DEBUG;
				SWIFT_OPTIMIZATION_LEVEL = "-Onone";
			};
			name = Debug;
		};
		5ACA92AC216CA0860052EC26 /* Release */ = {
			isa = XCBuildConfiguration;
			buildSettings = {
				ALWAYS_SEARCH_USER_PATHS = NO;
				CLANG_ANALYZER_NONNULL = YES;
				CLANG_ANALYZER_NUMBER_OBJECT_CONVERSION = YES_AGGRESSIVE;
				CLANG_CXX_LANGUAGE_STANDARD = "gnu++14";
				CLANG_CXX_LIBRARY = "libc++";
				CLANG_ENABLE_MODULES = YES;
				CLANG_ENABLE_OBJC_ARC = YES;
				CLANG_ENABLE_OBJC_WEAK = YES;
				CLANG_WARN_BLOCK_CAPTURE_AUTORELEASING = YES;
				CLANG_WARN_BOOL_CONVERSION = YES;
				CLANG_WARN_COMMA = YES;
				CLANG_WARN_CONSTANT_CONVERSION = YES;
				CLANG_WARN_DEPRECATED_OBJC_IMPLEMENTATIONS = YES;
				CLANG_WARN_DIRECT_OBJC_ISA_USAGE = YES_ERROR;
				CLANG_WARN_DOCUMENTATION_COMMENTS = YES;
				CLANG_WARN_EMPTY_BODY = YES;
				CLANG_WARN_ENUM_CONVERSION = YES;
				CLANG_WARN_INFINITE_RECURSION = YES;
				CLANG_WARN_INT_CONVERSION = YES;
				CLANG_WARN_NON_LITERAL_NULL_CONVERSION = YES;
				CLANG_WARN_OBJC_IMPLICIT_RETAIN_SELF = YES;
				CLANG_WARN_OBJC_LITERAL_CONVERSION = YES;
				CLANG_WARN_OBJC_ROOT_CLASS = YES_ERROR;
				CLANG_WARN_RANGE_LOOP_ANALYSIS = YES;
				CLANG_WARN_STRICT_PROTOTYPES = YES;
				CLANG_WARN_SUSPICIOUS_MOVE = YES;
				CLANG_WARN_UNGUARDED_AVAILABILITY = YES_AGGRESSIVE;
				CLANG_WARN_UNREACHABLE_CODE = YES;
				CLANG_WARN__DUPLICATE_METHOD_MATCH = YES;
				CODE_SIGN_IDENTITY = "iPhone Developer";
				COPY_PHASE_STRIP = NO;
				DEBUG_INFORMATION_FORMAT = "dwarf-with-dsym";
				ENABLE_NS_ASSERTIONS = NO;
				ENABLE_STRICT_OBJC_MSGSEND = YES;
				GCC_C_LANGUAGE_STANDARD = gnu11;
				GCC_NO_COMMON_BLOCKS = YES;
				GCC_WARN_64_TO_32_BIT_CONVERSION = YES;
				GCC_WARN_ABOUT_RETURN_TYPE = YES_ERROR;
				GCC_WARN_UNDECLARED_SELECTOR = YES;
				GCC_WARN_UNINITIALIZED_AUTOS = YES_AGGRESSIVE;
				GCC_WARN_UNUSED_FUNCTION = YES;
				GCC_WARN_UNUSED_VARIABLE = YES;
				IPHONEOS_DEPLOYMENT_TARGET = 12.0;
				MTL_ENABLE_DEBUG_INFO = NO;
				MTL_FAST_MATH = YES;
				SDKROOT = iphoneos;
				SWIFT_COMPILATION_MODE = wholemodule;
				SWIFT_OPTIMIZATION_LEVEL = "-O";
				VALIDATE_PRODUCT = YES;
			};
			name = Release;
		};
		5ACA92AE216CA0860052EC26 /* Debug */ = {
			isa = XCBuildConfiguration;
			buildSettings = {
				ASSETCATALOG_COMPILER_APPICON_NAME = AppIcon;
				CODE_SIGN_STYLE = Automatic;
				DEVELOPMENT_TEAM = H966LS87H7;
				INFOPLIST_FILE = HongTai/Info.plist;
				LD_RUNPATH_SEARCH_PATHS = (
					"$(inherited)",
					"@executable_path/Frameworks",
				);
				PRODUCT_BUNDLE_IDENTIFIER = "ninth-studio.HongTai";
				PRODUCT_NAME = "$(TARGET_NAME)";
				SWIFT_OBJC_BRIDGING_HEADER = bridge.h;
				SWIFT_VERSION = 4.2;
				TARGETED_DEVICE_FAMILY = "1,2";
			};
			name = Debug;
		};
		5ACA92AF216CA0860052EC26 /* Release */ = {
			isa = XCBuildConfiguration;
			buildSettings = {
				ASSETCATALOG_COMPILER_APPICON_NAME = AppIcon;
				CODE_SIGN_STYLE = Automatic;
				DEVELOPMENT_TEAM = H966LS87H7;
				INFOPLIST_FILE = HongTai/Info.plist;
				LD_RUNPATH_SEARCH_PATHS = (
					"$(inherited)",
					"@executable_path/Frameworks",
				);
				PRODUCT_BUNDLE_IDENTIFIER = "ninth-studio.HongTai";
				PRODUCT_NAME = "$(TARGET_NAME)";
				SWIFT_OBJC_BRIDGING_HEADER = bridge.h;
				SWIFT_VERSION = 4.2;
				TARGETED_DEVICE_FAMILY = "1,2";
			};
			name = Release;
		};
		5ACA92B1216CA0860052EC26 /* Debug */ = {
			isa = XCBuildConfiguration;
			buildSettings = {
				ALWAYS_EMBED_SWIFT_STANDARD_LIBRARIES = YES;
				BUNDLE_LOADER = "$(TEST_HOST)";
				CODE_SIGN_STYLE = Automatic;
				DEVELOPMENT_TEAM = H966LS87H7;
				INFOPLIST_FILE = HongTaiTests/Info.plist;
				LD_RUNPATH_SEARCH_PATHS = (
					"$(inherited)",
					"@executable_path/Frameworks",
					"@loader_path/Frameworks",
				);
				PRODUCT_BUNDLE_IDENTIFIER = "ninth-studio.HongTaiTests";
				PRODUCT_NAME = "$(TARGET_NAME)";
				SWIFT_VERSION = 4.2;
				TARGETED_DEVICE_FAMILY = "1,2";
				TEST_HOST = "$(BUILT_PRODUCTS_DIR)/HongTai.app/HongTai";
			};
			name = Debug;
		};
		5ACA92B2216CA0860052EC26 /* Release */ = {
			isa = XCBuildConfiguration;
			buildSettings = {
				ALWAYS_EMBED_SWIFT_STANDARD_LIBRARIES = YES;
				BUNDLE_LOADER = "$(TEST_HOST)";
				CODE_SIGN_STYLE = Automatic;
				DEVELOPMENT_TEAM = H966LS87H7;
				INFOPLIST_FILE = HongTaiTests/Info.plist;
				LD_RUNPATH_SEARCH_PATHS = (
					"$(inherited)",
					"@executable_path/Frameworks",
					"@loader_path/Frameworks",
				);
				PRODUCT_BUNDLE_IDENTIFIER = "ninth-studio.HongTaiTests";
				PRODUCT_NAME = "$(TARGET_NAME)";
				SWIFT_VERSION = 4.2;
				TARGETED_DEVICE_FAMILY = "1,2";
				TEST_HOST = "$(BUILT_PRODUCTS_DIR)/HongTai.app/HongTai";
			};
			name = Release;
		};
		5ACA92B4216CA0860052EC26 /* Debug */ = {
			isa = XCBuildConfiguration;
			buildSettings = {
				ALWAYS_EMBED_SWIFT_STANDARD_LIBRARIES = YES;
				CODE_SIGN_STYLE = Automatic;
				DEVELOPMENT_TEAM = H966LS87H7;
				INFOPLIST_FILE = HongTaiUITests/Info.plist;
				LD_RUNPATH_SEARCH_PATHS = (
					"$(inherited)",
					"@executable_path/Frameworks",
					"@loader_path/Frameworks",
				);
				PRODUCT_BUNDLE_IDENTIFIER = "ninth-studio.HongTaiUITests";
				PRODUCT_NAME = "$(TARGET_NAME)";
				SWIFT_VERSION = 4.2;
				TARGETED_DEVICE_FAMILY = "1,2";
				TEST_TARGET_NAME = HongTai;
			};
			name = Debug;
		};
		5ACA92B5216CA0860052EC26 /* Release */ = {
			isa = XCBuildConfiguration;
			buildSettings = {
				ALWAYS_EMBED_SWIFT_STANDARD_LIBRARIES = YES;
				CODE_SIGN_STYLE = Automatic;
				DEVELOPMENT_TEAM = H966LS87H7;
				INFOPLIST_FILE = HongTaiUITests/Info.plist;
				LD_RUNPATH_SEARCH_PATHS = (
					"$(inherited)",
					"@executable_path/Frameworks",
					"@loader_path/Frameworks",
				);
				PRODUCT_BUNDLE_IDENTIFIER = "ninth-studio.HongTaiUITests";
				PRODUCT_NAME = "$(TARGET_NAME)";
				SWIFT_VERSION = 4.2;
				TARGETED_DEVICE_FAMILY = "1,2";
				TEST_TARGET_NAME = HongTai;
			};
			name = Release;
		};
/* End XCBuildConfiguration section */

/* Begin XCConfigurationList section */
		5ACA927D216CA0840052EC26 /* Build configuration list for PBXProject "HongTai" */ = {
			isa = XCConfigurationList;
			buildConfigurations = (
				5ACA92AB216CA0860052EC26 /* Debug */,
				5ACA92AC216CA0860052EC26 /* Release */,
			);
			defaultConfigurationIsVisible = 0;
			defaultConfigurationName = Release;
		};
		5ACA92AD216CA0860052EC26 /* Build configuration list for PBXNativeTarget "HongTai" */ = {
			isa = XCConfigurationList;
			buildConfigurations = (
				5ACA92AE216CA0860052EC26 /* Debug */,
				5ACA92AF216CA0860052EC26 /* Release */,
			);
			defaultConfigurationIsVisible = 0;
			defaultConfigurationName = Release;
		};
		5ACA92B0216CA0860052EC26 /* Build configuration list for PBXNativeTarget "HongTaiTests" */ = {
			isa = XCConfigurationList;
			buildConfigurations = (
				5ACA92B1216CA0860052EC26 /* Debug */,
				5ACA92B2216CA0860052EC26 /* Release */,
			);
			defaultConfigurationIsVisible = 0;
			defaultConfigurationName = Release;
		};
		5ACA92B3216CA0860052EC26 /* Build configuration list for PBXNativeTarget "HongTaiUITests" */ = {
			isa = XCConfigurationList;
			buildConfigurations = (
				5ACA92B4216CA0860052EC26 /* Debug */,
				5ACA92B5216CA0860052EC26 /* Release */,
			);
			defaultConfigurationIsVisible = 0;
			defaultConfigurationName = Release;
		};
/* End XCConfigurationList section */

/* Begin XCVersionGroup section */
		5ACA928C216CA0840052EC26 /* HongTai.xcdatamodeld */ = {
			isa = XCVersionGroup;
			children = (
				5ACA928D216CA0840052EC26 /* HongTai.xcdatamodel */,
			);
			currentVersion = 5ACA928D216CA0840052EC26 /* HongTai.xcdatamodel */;
			path = HongTai.xcdatamodeld;
			sourceTree = "<group>";
			versionGroupType = wrapper.xcdatamodel;
		};
/* End XCVersionGroup section */
	};
	rootObject = 5ACA927A216CA0840052EC26 /* Project object */;
}
