// !$*UTF8*$!
{
	archiveVersion = 1;
	classes = {
	};
	objectVersion = 50;
	objects = {

/* Begin PBXBuildFile section */
		5A0FEBDA218AD7DF00849425 /* personDetailsViewController.swift in Sources */ = {isa = PBXBuildFile; fileRef = 5A0FEBD9218AD7DF00849425 /* personDetailsViewController.swift */; };
		5A2535512193C5DB00BDBC18 /* HomeViewController.swift in Sources */ = {isa = PBXBuildFile; fileRef = 5A2535502193C5DB00BDBC18 /* HomeViewController.swift */; };
		5A2535532193C61E00BDBC18 /* GoodsList.swift in Sources */ = {isa = PBXBuildFile; fileRef = 5A2535522193C61E00BDBC18 /* GoodsList.swift */; };
		5A2535552193C63300BDBC18 /* GoodsList.xib in Resources */ = {isa = PBXBuildFile; fileRef = 5A2535542193C63300BDBC18 /* GoodsList.xib */; };
		5A2535572193CE1C00BDBC18 /* CartModel.swift in Sources */ = {isa = PBXBuildFile; fileRef = 5A2535562193CE1C00BDBC18 /* CartModel.swift */; };
		5A2535592193CE3100BDBC18 /* CartList.swift in Sources */ = {isa = PBXBuildFile; fileRef = 5A2535582193CE3100BDBC18 /* CartList.swift */; };
		5A25355B2193CE5800BDBC18 /* CartviewController.swift in Sources */ = {isa = PBXBuildFile; fileRef = 5A25355A2193CE5800BDBC18 /* CartviewController.swift */; };
		5A25355D2193CEC300BDBC18 /* CartCell.swift in Sources */ = {isa = PBXBuildFile; fileRef = 5A25355C2193CEC300BDBC18 /* CartCell.swift */; };
		5A3786BE21707C6200DBD9B7 /* PersonViewController.swift in Sources */ = {isa = PBXBuildFile; fileRef = 5A3786BD21707C6200DBD9B7 /* PersonViewController.swift */; };
		5A632949219BF5C700E696F5 /* Consignee2.swift in Sources */ = {isa = PBXBuildFile; fileRef = 5A632948219BF5C700E696F5 /* Consignee2.swift */; };
		5A632953219BF6D500E696F5 /* OrderNavigation2.swift in Sources */ = {isa = PBXBuildFile; fileRef = 5A632952219BF6D500E696F5 /* OrderNavigation2.swift */; };
		5A632956219C264300E696F5 /* Listorder.swift in Sources */ = {isa = PBXBuildFile; fileRef = 5A632955219C264300E696F5 /* Listorder.swift */; };
		5A632960219C268000E696F5 /* Modelorder.swift in Sources */ = {isa = PBXBuildFile; fileRef = 5A63295F219C268000E696F5 /* Modelorder.swift */; };
		5ACA9286216CA0840052EC26 /* AppDelegate.swift in Sources */ = {isa = PBXBuildFile; fileRef = 5ACA9285216CA0840052EC26 /* AppDelegate.swift */; };
		5ACA928B216CA0840052EC26 /* Main.storyboard in Resources */ = {isa = PBXBuildFile; fileRef = 5ACA9289216CA0840052EC26 /* Main.storyboard */; };
		5ACA9290216CA0850052EC26 /* Assets.xcassets in Resources */ = {isa = PBXBuildFile; fileRef = 5ACA928F216CA0850052EC26 /* Assets.xcassets */; };
		5ACA9293216CA0850052EC26 /* LaunchScreen.storyboard in Resources */ = {isa = PBXBuildFile; fileRef = 5ACA9291216CA0850052EC26 /* LaunchScreen.storyboard */; };
		5ACA929E216CA0860052EC26 /* HongTaiTests.swift in Sources */ = {isa = PBXBuildFile; fileRef = 5ACA929D216CA0860052EC26 /* HongTaiTests.swift */; };
		5ACA92A9216CA0860052EC26 /* HongTaiUITests.swift in Sources */ = {isa = PBXBuildFile; fileRef = 5ACA92A8216CA0860052EC26 /* HongTaiUITests.swift */; };
		5AFFF4762199857500A3DD14 /* OrderNavigation.swift in Sources */ = {isa = PBXBuildFile; fileRef = 5AFFF4752199857500A3DD14 /* OrderNavigation.swift */; };
		5AFFF481219985CC00A3DD14 /* Orders.swift in Sources */ = {isa = PBXBuildFile; fileRef = 5AFFF480219985CC00A3DD14 /* Orders.swift */; };
		5AFFF484219A609E00A3DD14 /* OrdersList.swift in Sources */ = {isa = PBXBuildFile; fileRef = 5AFFF483219A609E00A3DD14 /* OrdersList.swift */; };
		5AFFF486219A60B600A3DD14 /* OrdersModel.swift in Sources */ = {isa = PBXBuildFile; fileRef = 5AFFF485219A60B600A3DD14 /* OrdersModel.swift */; };
		920EDA892188354500627663 /* goodsdetailController.swift in Sources */ = {isa = PBXBuildFile; fileRef = 920EDA882188354500627663 /* goodsdetailController.swift */; };
		92133BEF217ECD6D00E18631 /* style.swift in Sources */ = {isa = PBXBuildFile; fileRef = 92133BEE217ECD6D00E18631 /* style.swift */; };
		92133BF1217EFDF700E18631 /* CartTableViewCell.swift in Sources */ = {isa = PBXBuildFile; fileRef = 92133BF0217EFDF700E18631 /* CartTableViewCell.swift */; };
		92133BF52180483200E18631 /* StyleviewController.swift in Sources */ = {isa = PBXBuildFile; fileRef = 92133BF42180483200E18631 /* StyleviewController.swift */; };
		92133BFA21804DAA00E18631 /* Global.swift in Sources */ = {isa = PBXBuildFile; fileRef = 92133BF921804DAA00E18631 /* Global.swift */; };
		92133BFC21804DE500E18631 /* UIColor-Extension.swift in Sources */ = {isa = PBXBuildFile; fileRef = 92133BFB21804DE500E18631 /* UIColor-Extension.swift */; };
		92133BFE21804E0900E18631 /* LJCollectionViewFlowLayout.swift in Sources */ = {isa = PBXBuildFile; fileRef = 92133BFD21804E0900E18631 /* LJCollectionViewFlowLayout.swift */; };
		92133C0021804F5E00E18631 /* RightTableViewCell.swift in Sources */ = {isa = PBXBuildFile; fileRef = 92133BFF21804F5E00E18631 /* RightTableViewCell.swift */; };
		92133C3021807E9200E18631 /* TableViewHeaderView.swift in Sources */ = {isa = PBXBuildFile; fileRef = 92133C2F21807E9200E18631 /* TableViewHeaderView.swift */; };
		9213424A21816FA200E18631 /* godgood.swift in Sources */ = {isa = PBXBuildFile; fileRef = 9213424921816FA200E18631 /* godgood.swift */; };
		921BA19821894B9500126E59 /* shopcart.plist in Resources */ = {isa = PBXBuildFile; fileRef = 921BA19721894B9500126E59 /* shopcart.plist */; };
		921BA19B2189533400126E59 /* DataModel.swift in Sources */ = {isa = PBXBuildFile; fileRef = 921BA19A2189533400126E59 /* DataModel.swift */; };
		921BA19D2189536B00126E59 /* UserInfo.swift in Sources */ = {isa = PBXBuildFile; fileRef = 921BA19C2189536B00126E59 /* UserInfo.swift */; };
		921BA1A421897BBC00126E59 /* denglv.swift in Sources */ = {isa = PBXBuildFile; fileRef = 921BA1A321897BBC00126E59 /* denglv.swift */; };
		921BA1B1218992B500126E59 /* navigationViewController.swift in Sources */ = {isa = PBXBuildFile; fileRef = 921BA1B0218992B500126E59 /* navigationViewController.swift */; };
		921BA1E32189A20C00126E59 /* Model.xcdatamodeld in Sources */ = {isa = PBXBuildFile; fileRef = 921BA1E12189A20C00126E59 /* Model.xcdatamodeld */; };
		921C5B88217DD97900425E66 /* goodgood.swift in Sources */ = {isa = PBXBuildFile; fileRef = 921C5B87217DD97900425E66 /* goodgood.swift */; };
		924D48A82170894C00508199 /* LoginViewController.swift in Sources */ = {isa = PBXBuildFile; fileRef = 924D48A72170894C00508199 /* LoginViewController.swift */; };
		924D48AA2170897300508199 /* RegisterViewController.swift in Sources */ = {isa = PBXBuildFile; fileRef = 924D48A92170897300508199 /* RegisterViewController.swift */; };
		924D75D0219AD097000103D1 /* orderdetail.swift in Sources */ = {isa = PBXBuildFile; fileRef = 924D75CF219AD097000103D1 /* orderdetail.swift */; };
		924D75DC219AD43D000103D1 /* ordercell.swift in Sources */ = {isa = PBXBuildFile; fileRef = 924D75DB219AD43D000103D1 /* ordercell.swift */; };
		924D75DE219AD6BD000103D1 /* OrderViewController.swift in Sources */ = {isa = PBXBuildFile; fileRef = 924D75DD219AD6BD000103D1 /* OrderViewController.swift */; };
		9264BA262174935B00DE5A21 /* JHLoopView.swift in Sources */ = {isa = PBXBuildFile; fileRef = 9264BA252174935B00DE5A21 /* JHLoopView.swift */; };
		926D6DA4217578F500242CE5 /* 2.jpg in Resources */ = {isa = PBXBuildFile; fileRef = 926D6DA0217578F500242CE5 /* 2.jpg */; };
		926D6DA5217578F500242CE5 /* iMac1.jpg in Resources */ = {isa = PBXBuildFile; fileRef = 926D6DA1217578F500242CE5 /* iMac1.jpg */; };
		926D6DA6217578F500242CE5 /* iphone8-gallery4-2017.jpg in Resources */ = {isa = PBXBuildFile; fileRef = 926D6DA2217578F500242CE5 /* iphone8-gallery4-2017.jpg */; };
		926D6DA7217578F500242CE5 /* Macbook.jpg in Resources */ = {isa = PBXBuildFile; fileRef = 926D6DA3217578F500242CE5 /* Macbook.jpg */; };
		926D6DA9217587BE00242CE5 /* Model.swift in Sources */ = {isa = PBXBuildFile; fileRef = 926D6DA8217587BE00242CE5 /* Model.swift */; };
		926D6DAC217595E800242CE5 /* fangfaViewController.swift in Sources */ = {isa = PBXBuildFile; fileRef = 926D6DAB217595E800242CE5 /* fangfaViewController.swift */; };
		927057462195069900039763 /* Cart.swift in Sources */ = {isa = PBXBuildFile; fileRef = 927057452195069900039763 /* Cart.swift */; };
		9270575D2195596200039763 /* Consignee.swift in Sources */ = {isa = PBXBuildFile; fileRef = 9270575C2195596100039763 /* Consignee.swift */; };
		9272D030219CEDAA00BFF094 /* OrderNavigation3.swift in Sources */ = {isa = PBXBuildFile; fileRef = 9272D02F219CEDAA00BFF094 /* OrderNavigation3.swift */; };
		9272D03A219CEDC600BFF094 /* Consignee3.swift in Sources */ = {isa = PBXBuildFile; fileRef = 9272D039219CEDC600BFF094 /* Consignee3.swift */; };
		9274D8D22186A53100004432 /* goodshow List.plist in Resources */ = {isa = PBXBuildFile; fileRef = 9274D8D12186A53100004432 /* goodshow List.plist */; };
		9274D8D52186B6B500004432 /* StyleModel.swift in Sources */ = {isa = PBXBuildFile; fileRef = 9274D8D42186B6B500004432 /* StyleModel.swift */; };
		9274D8D72186B74600004432 /* Styleinfo.swift in Sources */ = {isa = PBXBuildFile; fileRef = 9274D8D62186B74600004432 /* Styleinfo.swift */; };
/* End PBXBuildFile section */

/* Begin PBXContainerItemProxy section */
		5ACA929A216CA0850052EC26 /* PBXContainerItemProxy */ = {
			isa = PBXContainerItemProxy;
			containerPortal = 5ACA927A216CA0840052EC26 /* Project object */;
			proxyType = 1;
			remoteGlobalIDString = 5ACA9281216CA0840052EC26;
			remoteInfo = HongTai;
		};
		5ACA92A5216CA0860052EC26 /* PBXContainerItemProxy */ = {
			isa = PBXContainerItemProxy;
			containerPortal = 5ACA927A216CA0840052EC26 /* Project object */;
			proxyType = 1;
			remoteGlobalIDString = 5ACA9281216CA0840052EC26;
			remoteInfo = HongTai;
		};
/* End PBXContainerItemProxy section */

/* Begin PBXFileReference section */
		5A0FEBD9218AD7DF00849425 /* personDetailsViewController.swift */ = {isa = PBXFileReference; lastKnownFileType = sourcecode.swift; name = personDetailsViewController.swift; path = HongTai/personDetailsViewController.swift; sourceTree = SOURCE_ROOT; };
		5A2535502193C5DB00BDBC18 /* HomeViewController.swift */ = {isa = PBXFileReference; lastKnownFileType = sourcecode.swift; path = HomeViewController.swift; sourceTree = "<group>"; };
		5A2535522193C61E00BDBC18 /* GoodsList.swift */ = {isa = PBXFileReference; lastKnownFileType = sourcecode.swift; path = GoodsList.swift; sourceTree = "<group>"; };
		5A2535542193C63300BDBC18 /* GoodsList.xib */ = {isa = PBXFileReference; lastKnownFileType = file.xib; path = GoodsList.xib; sourceTree = "<group>"; };
		5A2535562193CE1C00BDBC18 /* CartModel.swift */ = {isa = PBXFileReference; lastKnownFileType = sourcecode.swift; path = CartModel.swift; sourceTree = "<group>"; };
		5A2535582193CE3100BDBC18 /* CartList.swift */ = {isa = PBXFileReference; lastKnownFileType = sourcecode.swift; path = CartList.swift; sourceTree = "<group>"; };
		5A25355A2193CE5800BDBC18 /* CartviewController.swift */ = {isa = PBXFileReference; lastKnownFileType = sourcecode.swift; path = CartviewController.swift; sourceTree = "<group>"; };
		5A25355C2193CEC300BDBC18 /* CartCell.swift */ = {isa = PBXFileReference; lastKnownFileType = sourcecode.swift; path = CartCell.swift; sourceTree = "<group>"; };
		5A3786BD21707C6200DBD9B7 /* PersonViewController.swift */ = {isa = PBXFileReference; lastKnownFileType = sourcecode.swift; path = PersonViewController.swift; sourceTree = "<group>"; };
		5A632948219BF5C700E696F5 /* Consignee2.swift */ = {isa = PBXFileReference; lastKnownFileType = sourcecode.swift; path = Consignee2.swift; sourceTree = "<group>"; };
		5A632952219BF6D500E696F5 /* OrderNavigation2.swift */ = {isa = PBXFileReference; lastKnownFileType = sourcecode.swift; path = OrderNavigation2.swift; sourceTree = "<group>"; };
		5A632955219C264300E696F5 /* Listorder.swift */ = {isa = PBXFileReference; lastKnownFileType = sourcecode.swift; path = Listorder.swift; sourceTree = "<group>"; };
		5A63295F219C268000E696F5 /* Modelorder.swift */ = {isa = PBXFileReference; lastKnownFileType = sourcecode.swift; path = Modelorder.swift; sourceTree = "<group>"; };
		5ACA9282216CA0840052EC26 /* HongTai.app */ = {isa = PBXFileReference; explicitFileType = wrapper.application; includeInIndex = 0; path = HongTai.app; sourceTree = BUILT_PRODUCTS_DIR; };
		5ACA9285216CA0840052EC26 /* AppDelegate.swift */ = {isa = PBXFileReference; lastKnownFileType = sourcecode.swift; path = AppDelegate.swift; sourceTree = "<group>"; };
		5ACA928A216CA0840052EC26 /* Base */ = {isa = PBXFileReference; lastKnownFileType = file.storyboard; name = Base; path = Base.lproj/Main.storyboard; sourceTree = "<group>"; };
		5ACA928F216CA0850052EC26 /* Assets.xcassets */ = {isa = PBXFileReference; lastKnownFileType = folder.assetcatalog; path = Assets.xcassets; sourceTree = "<group>"; };
		5ACA9292216CA0850052EC26 /* Base */ = {isa = PBXFileReference; lastKnownFileType = file.storyboard; name = Base; path = Base.lproj/LaunchScreen.storyboard; sourceTree = "<group>"; };
		5ACA9294216CA0850052EC26 /* Info.plist */ = {isa = PBXFileReference; lastKnownFileType = text.plist.xml; path = Info.plist; sourceTree = "<group>"; };
		5ACA9299216CA0850052EC26 /* HongTaiTests.xctest */ = {isa = PBXFileReference; explicitFileType = wrapper.cfbundle; includeInIndex = 0; path = HongTaiTests.xctest; sourceTree = BUILT_PRODUCTS_DIR; };
		5ACA929D216CA0860052EC26 /* HongTaiTests.swift */ = {isa = PBXFileReference; lastKnownFileType = sourcecode.swift; path = HongTaiTests.swift; sourceTree = "<group>"; };
		5ACA929F216CA0860052EC26 /* Info.plist */ = {isa = PBXFileReference; lastKnownFileType = text.plist.xml; path = Info.plist; sourceTree = "<group>"; };
		5ACA92A4216CA0860052EC26 /* HongTaiUITests.xctest */ = {isa = PBXFileReference; explicitFileType = wrapper.cfbundle; includeInIndex = 0; path = HongTaiUITests.xctest; sourceTree = BUILT_PRODUCTS_DIR; };
		5ACA92A8216CA0860052EC26 /* HongTaiUITests.swift */ = {isa = PBXFileReference; lastKnownFileType = sourcecode.swift; path = HongTaiUITests.swift; sourceTree = "<group>"; };
		5ACA92AA216CA0860052EC26 /* Info.plist */ = {isa = PBXFileReference; lastKnownFileType = text.plist.xml; path = Info.plist; sourceTree = "<group>"; };
		5AFFF4752199857500A3DD14 /* OrderNavigation.swift */ = {isa = PBXFileReference; lastKnownFileType = sourcecode.swift; path = OrderNavigation.swift; sourceTree = "<group>"; };
		5AFFF480219985CC00A3DD14 /* Orders.swift */ = {isa = PBXFileReference; lastKnownFileType = sourcecode.swift; path = Orders.swift; sourceTree = "<group>"; };
		5AFFF483219A609E00A3DD14 /* OrdersList.swift */ = {isa = PBXFileReference; lastKnownFileType = sourcecode.swift; path = OrdersList.swift; sourceTree = "<group>"; };
		5AFFF485219A60B600A3DD14 /* OrdersModel.swift */ = {isa = PBXFileReference; lastKnownFileType = sourcecode.swift; path = OrdersModel.swift; sourceTree = "<group>"; };
		920EDA882188354500627663 /* goodsdetailController.swift */ = {isa = PBXFileReference; lastKnownFileType = sourcecode.swift; path = goodsdetailController.swift; sourceTree = "<group>"; };
		92133BEE217ECD6D00E18631 /* style.swift */ = {isa = PBXFileReference; lastKnownFileType = sourcecode.swift; path = style.swift; sourceTree = "<group>"; };
		92133BF0217EFDF700E18631 /* CartTableViewCell.swift */ = {isa = PBXFileReference; lastKnownFileType = sourcecode.swift; path = CartTableViewCell.swift; sourceTree = "<group>"; };
		92133BF42180483200E18631 /* StyleviewController.swift */ = {isa = PBXFileReference; lastKnownFileType = sourcecode.swift; path = StyleviewController.swift; sourceTree = "<group>"; };
		92133BF921804DAA00E18631 /* Global.swift */ = {isa = PBXFileReference; lastKnownFileType = sourcecode.swift; path = Global.swift; sourceTree = "<group>"; };
		92133BFB21804DE500E18631 /* UIColor-Extension.swift */ = {isa = PBXFileReference; lastKnownFileType = sourcecode.swift; path = "UIColor-Extension.swift"; sourceTree = "<group>"; };
		92133BFD21804E0900E18631 /* LJCollectionViewFlowLayout.swift */ = {isa = PBXFileReference; lastKnownFileType = sourcecode.swift; path = LJCollectionViewFlowLayout.swift; sourceTree = "<group>"; };
		92133BFF21804F5E00E18631 /* RightTableViewCell.swift */ = {isa = PBXFileReference; lastKnownFileType = sourcecode.swift; path = RightTableViewCell.swift; sourceTree = "<group>"; };
		92133C2F21807E9200E18631 /* TableViewHeaderView.swift */ = {isa = PBXFileReference; lastKnownFileType = sourcecode.swift; path = TableViewHeaderView.swift; sourceTree = "<group>"; };
		9213424921816FA200E18631 /* godgood.swift */ = {isa = PBXFileReference; lastKnownFileType = sourcecode.swift; name = godgood.swift; path = ../godgood.swift; sourceTree = "<group>"; };
		921BA19721894B9500126E59 /* shopcart.plist */ = {isa = PBXFileReference; lastKnownFileType = text.plist.xml; path = shopcart.plist; sourceTree = "<group>"; };
		921BA19A2189533400126E59 /* DataModel.swift */ = {isa = PBXFileReference; lastKnownFileType = sourcecode.swift; path = DataModel.swift; sourceTree = "<group>"; };
		921BA19C2189536B00126E59 /* UserInfo.swift */ = {isa = PBXFileReference; lastKnownFileType = sourcecode.swift; path = UserInfo.swift; sourceTree = "<group>"; };
		921BA1A321897BBC00126E59 /* denglv.swift */ = {isa = PBXFileReference; lastKnownFileType = sourcecode.swift; path = denglv.swift; sourceTree = "<group>"; };
		921BA1B0218992B500126E59 /* navigationViewController.swift */ = {isa = PBXFileReference; lastKnownFileType = sourcecode.swift; path = navigationViewController.swift; sourceTree = "<group>"; };
		921BA1E22189A20C00126E59 /* Model.xcdatamodel */ = {isa = PBXFileReference; lastKnownFileType = wrapper.xcdatamodel; path = Model.xcdatamodel; sourceTree = "<group>"; };
		921C5B87217DD97900425E66 /* goodgood.swift */ = {isa = PBXFileReference; lastKnownFileType = sourcecode.swift; path = goodgood.swift; sourceTree = "<group>"; };
		924D48A72170894C00508199 /* LoginViewController.swift */ = {isa = PBXFileReference; lastKnownFileType = sourcecode.swift; path = LoginViewController.swift; sourceTree = "<group>"; };
		924D48A92170897300508199 /* RegisterViewController.swift */ = {isa = PBXFileReference; lastKnownFileType = sourcecode.swift; path = RegisterViewController.swift; sourceTree = "<group>"; };
		924D75CF219AD097000103D1 /* orderdetail.swift */ = {isa = PBXFileReference; lastKnownFileType = sourcecode.swift; path = orderdetail.swift; sourceTree = "<group>"; };
		924D75DB219AD43D000103D1 /* ordercell.swift */ = {isa = PBXFileReference; lastKnownFileType = sourcecode.swift; path = ordercell.swift; sourceTree = "<group>"; };
		924D75DD219AD6BD000103D1 /* OrderViewController.swift */ = {isa = PBXFileReference; lastKnownFileType = sourcecode.swift; path = OrderViewController.swift; sourceTree = "<group>"; };
		9264BA252174935B00DE5A21 /* JHLoopView.swift */ = {isa = PBXFileReference; lastKnownFileType = sourcecode.swift; path = JHLoopView.swift; sourceTree = "<group>"; };
		926D6DA0217578F500242CE5 /* 2.jpg */ = {isa = PBXFileReference; lastKnownFileType = image.jpeg; path = 2.jpg; sourceTree = "<group>"; };
		926D6DA1217578F500242CE5 /* iMac1.jpg */ = {isa = PBXFileReference; lastKnownFileType = image.jpeg; path = iMac1.jpg; sourceTree = "<group>"; };
		926D6DA2217578F500242CE5 /* iphone8-gallery4-2017.jpg */ = {isa = PBXFileReference; lastKnownFileType = image.jpeg; path = "iphone8-gallery4-2017.jpg"; sourceTree = "<group>"; };
		926D6DA3217578F500242CE5 /* Macbook.jpg */ = {isa = PBXFileReference; lastKnownFileType = image.jpeg; path = Macbook.jpg; sourceTree = "<group>"; };
		926D6DA8217587BE00242CE5 /* Model.swift */ = {isa = PBXFileReference; lastKnownFileType = sourcecode.swift; path = Model.swift; sourceTree = "<group>"; };
		926D6DAB217595E800242CE5 /* fangfaViewController.swift */ = {isa = PBXFileReference; lastKnownFileType = sourcecode.swift; path = fangfaViewController.swift; sourceTree = "<group>"; };
		927057452195069900039763 /* Cart.swift */ = {isa = PBXFileReference; lastKnownFileType = sourcecode.swift; path = Cart.swift; sourceTree = "<group>"; };
		9270575C2195596100039763 /* Consignee.swift */ = {isa = PBXFileReference; lastKnownFileType = sourcecode.swift; path = Consignee.swift; sourceTree = "<group>"; };
		9272D02F219CEDAA00BFF094 /* OrderNavigation3.swift */ = {isa = PBXFileReference; lastKnownFileType = sourcecode.swift; path = OrderNavigation3.swift; sourceTree = "<group>"; };
		9272D039219CEDC600BFF094 /* Consignee3.swift */ = {isa = PBXFileReference; lastKnownFileType = sourcecode.swift; path = Consignee3.swift; sourceTree = "<group>"; };
		9274D8D12186A53100004432 /* goodshow List.plist */ = {isa = PBXFileReference; lastKnownFileType = text.plist.xml; path = "goodshow List.plist"; sourceTree = "<group>"; };
		9274D8D42186B6B500004432 /* StyleModel.swift */ = {isa = PBXFileReference; lastKnownFileType = sourcecode.swift; path = StyleModel.swift; sourceTree = "<group>"; };
		9274D8D62186B74600004432 /* Styleinfo.swift */ = {isa = PBXFileReference; lastKnownFileType = sourcecode.swift; path = Styleinfo.swift; sourceTree = "<group>"; };
/* End PBXFileReference section */

/* Begin PBXFrameworksBuildPhase section */
		5ACA927F216CA0840052EC26 /* Frameworks */ = {
			isa = PBXFrameworksBuildPhase;
			buildActionMask = 2147483647;
			files = (
			);
			runOnlyForDeploymentPostprocessing = 0;
		};
		5ACA9296216CA0850052EC26 /* Frameworks */ = {
			isa = PBXFrameworksBuildPhase;
			buildActionMask = 2147483647;
			files = (
			);
			runOnlyForDeploymentPostprocessing = 0;
		};
		5ACA92A1216CA0860052EC26 /* Frameworks */ = {
			isa = PBXFrameworksBuildPhase;
			buildActionMask = 2147483647;
			files = (
			);
			runOnlyForDeploymentPostprocessing = 0;
		};
/* End PBXFrameworksBuildPhase section */

/* Begin PBXGroup section */
		5A3786BC21707C4500DBD9B7 /* 个人中心 */ = {
			isa = PBXGroup;
			children = (
				5A3786BD21707C6200DBD9B7 /* PersonViewController.swift */,
				5A0FEBD9218AD7DF00849425 /* personDetailsViewController.swift */,
			);
			name = "个人中心";
			path = "New Group";
			sourceTree = "<group>";
		};
		5ACA9279216CA0840052EC26 = {
			isa = PBXGroup;
			children = (
				5ACA9284216CA0840052EC26 /* HongTai */,
				5ACA929C216CA0850052EC26 /* HongTaiTests */,
				5ACA92A7216CA0860052EC26 /* HongTaiUITests */,
				5ACA9283216CA0840052EC26 /* Products */,
				9272AB37216D91C70026C1C6 /* Frameworks */,
			);
			sourceTree = "<group>";
		};
		5ACA9283216CA0840052EC26 /* Products */ = {
			isa = PBXGroup;
			children = (
				5ACA9282216CA0840052EC26 /* HongTai.app */,
				5ACA9299216CA0850052EC26 /* HongTaiTests.xctest */,
				5ACA92A4216CA0860052EC26 /* HongTaiUITests.xctest */,
			);
			name = Products;
			sourceTree = "<group>";
		};
		5ACA9284216CA0840052EC26 /* HongTai */ = {
			isa = PBXGroup;
			children = (
				921BA1992189530B00126E59 /* 沙盒 */,
				921BA18E218946B200126E59 /* 购物车 */,
				92133BF821804D8D00E18631 /* Tools */,
				926D6DB5217601CD00242CE5 /* 分类 */,
				748BE82121707972005ECDAD /* CoreData */,
				924D48A62170892C00508199 /* 登录和注册 */,
				9270575B219558EA00039763 /* 订单 */,
				924D489D21707D8200508199 /* 首页 */,
				5A3786BC21707C4500DBD9B7 /* 个人中心 */,
				5ACA9285216CA0840052EC26 /* AppDelegate.swift */,
				5ACA9289216CA0840052EC26 /* Main.storyboard */,
				5ACA928F216CA0850052EC26 /* Assets.xcassets */,
				5ACA9291216CA0850052EC26 /* LaunchScreen.storyboard */,
				5ACA9294216CA0850052EC26 /* Info.plist */,
			);
			path = HongTai;
			sourceTree = "<group>";
		};
		5ACA929C216CA0850052EC26 /* HongTaiTests */ = {
			isa = PBXGroup;
			children = (
				5ACA929D216CA0860052EC26 /* HongTaiTests.swift */,
				5ACA929F216CA0860052EC26 /* Info.plist */,
			);
			path = HongTaiTests;
			sourceTree = "<group>";
		};
		5ACA92A7216CA0860052EC26 /* HongTaiUITests */ = {
			isa = PBXGroup;
			children = (
				5ACA92A8216CA0860052EC26 /* HongTaiUITests.swift */,
				5ACA92AA216CA0860052EC26 /* Info.plist */,
			);
			path = HongTaiUITests;
			sourceTree = "<group>";
		};
		748BE82121707972005ECDAD /* CoreData */ = {
			isa = PBXGroup;
			children = (
				921BA1E12189A20C00126E59 /* Model.xcdatamodeld */,
			);
			path = CoreData;
			sourceTree = "<group>";
		};
		92133BF821804D8D00E18631 /* Tools */ = {
			isa = PBXGroup;
			children = (
				92133BF921804DAA00E18631 /* Global.swift */,
				92133BFB21804DE500E18631 /* UIColor-Extension.swift */,
				92133BFD21804E0900E18631 /* LJCollectionViewFlowLayout.swift */,
			);
			path = Tools;
			sourceTree = "<group>";
		};
		921BA18E218946B200126E59 /* 购物车 */ = {
			isa = PBXGroup;
			children = (
				921BA19721894B9500126E59 /* shopcart.plist */,
				5A2535562193CE1C00BDBC18 /* CartModel.swift */,
				5A2535582193CE3100BDBC18 /* CartList.swift */,
				5A25355A2193CE5800BDBC18 /* CartviewController.swift */,
				5A25355C2193CEC300BDBC18 /* CartCell.swift */,
				927057452195069900039763 /* Cart.swift */,
			);
			path = "购物车";
			sourceTree = "<group>";
		};
		921BA1992189530B00126E59 /* 沙盒 */ = {
			isa = PBXGroup;
			children = (
				921BA19A2189533400126E59 /* DataModel.swift */,
				921BA19C2189536B00126E59 /* UserInfo.swift */,
			);
			path = "沙盒";
			sourceTree = "<group>";
		};
		924D489D21707D8200508199 /* 首页 */ = {
			isa = PBXGroup;
			children = (
				926D6D9F217578F500242CE5 /* images */,
				9264BA252174935B00DE5A21 /* JHLoopView.swift */,
				921C5B87217DD97900425E66 /* goodgood.swift */,
				9213424921816FA200E18631 /* godgood.swift */,
				5A2535502193C5DB00BDBC18 /* HomeViewController.swift */,
				5A2535522193C61E00BDBC18 /* GoodsList.swift */,
				5A2535542193C63300BDBC18 /* GoodsList.xib */,
			);
			path = "首页";
			sourceTree = "<group>";
		};
		924D48A62170892C00508199 /* 登录和注册 */ = {
			isa = PBXGroup;
			children = (
				924D48A72170894C00508199 /* LoginViewController.swift */,
				924D48A92170897300508199 /* RegisterViewController.swift */,
				926D6DA8217587BE00242CE5 /* Model.swift */,
				926D6DAB217595E800242CE5 /* fangfaViewController.swift */,
				921BA1A321897BBC00126E59 /* denglv.swift */,
				921BA1B0218992B500126E59 /* navigationViewController.swift */,
			);
			path = "登录和注册";
			sourceTree = "<group>";
		};
		926D6D9F217578F500242CE5 /* images */ = {
			isa = PBXGroup;
			children = (
				926D6DA0217578F500242CE5 /* 2.jpg */,
				926D6DA1217578F500242CE5 /* iMac1.jpg */,
				926D6DA2217578F500242CE5 /* iphone8-gallery4-2017.jpg */,
				926D6DA3217578F500242CE5 /* Macbook.jpg */,
			);
			path = images;
			sourceTree = "<group>";
		};
		926D6DB5217601CD00242CE5 /* 分类 */ = {
			isa = PBXGroup;
			children = (
				92133BEE217ECD6D00E18631 /* style.swift */,
				92133BF0217EFDF700E18631 /* CartTableViewCell.swift */,
				92133BF42180483200E18631 /* StyleviewController.swift */,
				92133BFF21804F5E00E18631 /* RightTableViewCell.swift */,
				92133C2F21807E9200E18631 /* TableViewHeaderView.swift */,
				9274D8D12186A53100004432 /* goodshow List.plist */,
				9274D8D42186B6B500004432 /* StyleModel.swift */,
				9274D8D62186B74600004432 /* Styleinfo.swift */,
				920EDA882188354500627663 /* goodsdetailController.swift */,
			);
			path = "分类";
			sourceTree = "<group>";
		};
		9270575B219558EA00039763 /* 订单 */ = {
			isa = PBXGroup;
			children = (
				5AFFF485219A60B600A3DD14 /* OrdersModel.swift */,
				9270575C2195596100039763 /* Consignee.swift */,
				5AFFF4752199857500A3DD14 /* OrderNavigation.swift */,
				5AFFF480219985CC00A3DD14 /* Orders.swift */,
				5AFFF483219A609E00A3DD14 /* OrdersList.swift */,
				924D75CF219AD097000103D1 /* orderdetail.swift */,
				924D75DB219AD43D000103D1 /* ordercell.swift */,
				924D75DD219AD6BD000103D1 /* OrderViewController.swift */,
				5A632948219BF5C700E696F5 /* Consignee2.swift */,
				5A632952219BF6D500E696F5 /* OrderNavigation2.swift */,
				5A632955219C264300E696F5 /* Listorder.swift */,
				5A63295F219C268000E696F5 /* Modelorder.swift */,
				9272D02F219CEDAA00BFF094 /* OrderNavigation3.swift */,
				9272D039219CEDC600BFF094 /* Consignee3.swift */,
			);
			path = "订单";
			sourceTree = "<group>";
		};
		9272AB37216D91C70026C1C6 /* Frameworks */ = {
			isa = PBXGroup;
			children = (
			);
			name = Frameworks;
			sourceTree = "<group>";
		};
/* End PBXGroup section */

/* Begin PBXNativeTarget section */
		5ACA9281216CA0840052EC26 /* HongTai */ = {
			isa = PBXNativeTarget;
			buildConfigurationList = 5ACA92AD216CA0860052EC26 /* Build configuration list for PBXNativeTarget "HongTai" */;
			buildPhases = (
				5ACA927E216CA0840052EC26 /* Sources */,
				5ACA927F216CA0840052EC26 /* Frameworks */,
				5ACA9280216CA0840052EC26 /* Resources */,
			);
			buildRules = (
			);
			dependencies = (
			);
			name = HongTai;
			productName = HongTai;
			productReference = 5ACA9282216CA0840052EC26 /* HongTai.app */;
			productType = "com.apple.product-type.application";
		};
		5ACA9298216CA0850052EC26 /* HongTaiTests */ = {
			isa = PBXNativeTarget;
			buildConfigurationList = 5ACA92B0216CA0860052EC26 /* Build configuration list for PBXNativeTarget "HongTaiTests" */;
			buildPhases = (
				5ACA9295216CA0850052EC26 /* Sources */,
				5ACA9296216CA0850052EC26 /* Frameworks */,
				5ACA9297216CA0850052EC26 /* Resources */,
			);
			buildRules = (
			);
			dependencies = (
				5ACA929B216CA0850052EC26 /* PBXTargetDependency */,
			);
			name = HongTaiTests;
			productName = HongTaiTests;
			productReference = 5ACA9299216CA0850052EC26 /* HongTaiTests.xctest */;
			productType = "com.apple.product-type.bundle.unit-test";
		};
		5ACA92A3216CA0860052EC26 /* HongTaiUITests */ = {
			isa = PBXNativeTarget;
			buildConfigurationList = 5ACA92B3216CA0860052EC26 /* Build configuration list for PBXNativeTarget "HongTaiUITests" */;
			buildPhases = (
				5ACA92A0216CA0860052EC26 /* Sources */,
				5ACA92A1216CA0860052EC26 /* Frameworks */,
				5ACA92A2216CA0860052EC26 /* Resources */,
			);
			buildRules = (
			);
			dependencies = (
				5ACA92A6216CA0860052EC26 /* PBXTargetDependency */,
			);
			name = HongTaiUITests;
			productName = HongTaiUITests;
			productReference = 5ACA92A4216CA0860052EC26 /* HongTaiUITests.xctest */;
			productType = "com.apple.product-type.bundle.ui-testing";
		};
/* End PBXNativeTarget section */

/* Begin PBXProject section */
		5ACA927A216CA0840052EC26 /* Project object */ = {
			isa = PBXProject;
			attributes = {
				LastSwiftUpdateCheck = 1000;
				LastUpgradeCheck = 1000;
				ORGANIZATIONNAME = "欧张帆";
				TargetAttributes = {
					5ACA9281216CA0840052EC26 = {
						CreatedOnToolsVersion = 10.0;
					};
					5ACA9298216CA0850052EC26 = {
						CreatedOnToolsVersion = 10.0;
						TestTargetID = 5ACA9281216CA0840052EC26;
					};
					5ACA92A3216CA0860052EC26 = {
						CreatedOnToolsVersion = 10.0;
						TestTargetID = 5ACA9281216CA0840052EC26;
					};
				};
			};
			buildConfigurationList = 5ACA927D216CA0840052EC26 /* Build configuration list for PBXProject "HongTai" */;
			compatibilityVersion = "Xcode 9.3";
			developmentRegion = en;
			hasScannedForEncodings = 0;
			knownRegions = (
				en,
				Base,
			);
			mainGroup = 5ACA9279216CA0840052EC26;
			productRefGroup = 5ACA9283216CA0840052EC26 /* Products */;
			projectDirPath = "";
			projectRoot = "";
			targets = (
				5ACA9281216CA0840052EC26 /* HongTai */,
				5ACA9298216CA0850052EC26 /* HongTaiTests */,
				5ACA92A3216CA0860052EC26 /* HongTaiUITests */,
			);
		};
/* End PBXProject section */

/* Begin PBXResourcesBuildPhase section */
		5ACA9280216CA0840052EC26 /* Resources */ = {
			isa = PBXResourcesBuildPhase;
			buildActionMask = 2147483647;
			files = (
				5ACA9293216CA0850052EC26 /* LaunchScreen.storyboard in Resources */,
				5ACA9290216CA0850052EC26 /* Assets.xcassets in Resources */,
				926D6DA4217578F500242CE5 /* 2.jpg in Resources */,
				926D6DA5217578F500242CE5 /* iMac1.jpg in Resources */,
				9274D8D22186A53100004432 /* goodshow List.plist in Resources */,
				926D6DA6217578F500242CE5 /* iphone8-gallery4-2017.jpg in Resources */,
				5A2535552193C63300BDBC18 /* GoodsList.xib in Resources */,
				926D6DA7217578F500242CE5 /* Macbook.jpg in Resources */,
				921BA19821894B9500126E59 /* shopcart.plist in Resources */,
				5ACA928B216CA0840052EC26 /* Main.storyboard in Resources */,
			);
			runOnlyForDeploymentPostprocessing = 0;
		};
		5ACA9297216CA0850052EC26 /* Resources */ = {
			isa = PBXResourcesBuildPhase;
			buildActionMask = 2147483647;
			files = (
			);
			runOnlyForDeploymentPostprocessing = 0;
		};
		5ACA92A2216CA0860052EC26 /* Resources */ = {
			isa = PBXResourcesBuildPhase;
			buildActionMask = 2147483647;
			files = (
			);
			runOnlyForDeploymentPostprocessing = 0;
		};
/* End PBXResourcesBuildPhase section */

/* Begin PBXSourcesBuildPhase section */
		5ACA927E216CA0840052EC26 /* Sources */ = {
			isa = PBXSourcesBuildPhase;
			buildActionMask = 2147483647;
			files = (
				9264BA262174935B00DE5A21 /* JHLoopView.swift in Sources */,
				9274D8D52186B6B500004432 /* StyleModel.swift in Sources */,
				927057462195069900039763 /* Cart.swift in Sources */,
				920EDA892188354500627663 /* goodsdetailController.swift in Sources */,
				9270575D2195596200039763 /* Consignee.swift in Sources */,
				92133C0021804F5E00E18631 /* RightTableViewCell.swift in Sources */,
				924D75DE219AD6BD000103D1 /* OrderViewController.swift in Sources */,
				926D6DA9217587BE00242CE5 /* Model.swift in Sources */,
				9272D03A219CEDC600BFF094 /* Consignee3.swift in Sources */,
				5A2535532193C61E00BDBC18 /* GoodsList.swift in Sources */,
				92133BEF217ECD6D00E18631 /* style.swift in Sources */,
				921C5B88217DD97900425E66 /* goodgood.swift in Sources */,
				5A2535592193CE3100BDBC18 /* CartList.swift in Sources */,
				924D75D0219AD097000103D1 /* orderdetail.swift in Sources */,
				92133BFC21804DE500E18631 /* UIColor-Extension.swift in Sources */,
				92133BFA21804DAA00E18631 /* Global.swift in Sources */,
				5AFFF4762199857500A3DD14 /* OrderNavigation.swift in Sources */,
				924D75DC219AD43D000103D1 /* ordercell.swift in Sources */,
				5AFFF481219985CC00A3DD14 /* Orders.swift in Sources */,
				921BA1B1218992B500126E59 /* navigationViewController.swift in Sources */,
				5A25355B2193CE5800BDBC18 /* CartviewController.swift in Sources */,
				5A2535572193CE1C00BDBC18 /* CartModel.swift in Sources */,
				9272D030219CEDAA00BFF094 /* OrderNavigation3.swift in Sources */,
				5A632956219C264300E696F5 /* Listorder.swift in Sources */,
				924D48A82170894C00508199 /* LoginViewController.swift in Sources */,
				921BA1E32189A20C00126E59 /* Model.xcdatamodeld in Sources */,
				9274D8D72186B74600004432 /* Styleinfo.swift in Sources */,
				5A25355D2193CEC300BDBC18 /* CartCell.swift in Sources */,
				92133C3021807E9200E18631 /* TableViewHeaderView.swift in Sources */,
				92133BFE21804E0900E18631 /* LJCollectionViewFlowLayout.swift in Sources */,
				926D6DAC217595E800242CE5 /* fangfaViewController.swift in Sources */,
				5AFFF484219A609E00A3DD14 /* OrdersList.swift in Sources */,
				5A2535512193C5DB00BDBC18 /* HomeViewController.swift in Sources */,
				5A632953219BF6D500E696F5 /* OrderNavigation2.swift in Sources */,
				5A632949219BF5C700E696F5 /* Consignee2.swift in Sources */,
				92133BF1217EFDF700E18631 /* CartTableViewCell.swift in Sources */,
				9213424A21816FA200E18631 /* godgood.swift in Sources */,
				5AFFF486219A60B600A3DD14 /* OrdersModel.swift in Sources */,
				92133BF52180483200E18631 /* StyleviewController.swift in Sources */,
				5ACA9286216CA0840052EC26 /* AppDelegate.swift in Sources */,
				921BA1A421897BBC00126E59 /* denglv.swift in Sources */,
				5A3786BE21707C6200DBD9B7 /* PersonViewController.swift in Sources */,
				5A632960219C268000E696F5 /* Modelorder.swift in Sources */,
				924D48AA2170897300508199 /* RegisterViewController.swift in Sources */,
				5A0FEBDA218AD7DF00849425 /* personDetailsViewController.swift in Sources */,
				921BA19D2189536B00126E59 /* UserInfo.swift in Sources */,
				921BA19B2189533400126E59 /* DataModel.swift in Sources */,
			);
			runOnlyForDeploymentPostprocessing = 0;
		};
		5ACA9295216CA0850052EC26 /* Sources */ = {
			isa = PBXSourcesBuildPhase;
			buildActionMask = 2147483647;
			files = (
				5ACA929E216CA0860052EC26 /* HongTaiTests.swift in Sources */,
			);
			runOnlyForDeploymentPostprocessing = 0;
		};
		5ACA92A0216CA0860052EC26 /* Sources */ = {
			isa = PBXSourcesBuildPhase;
			buildActionMask = 2147483647;
			files = (
				5ACA92A9216CA0860052EC26 /* HongTaiUITests.swift in Sources */,
			);
			runOnlyForDeploymentPostprocessing = 0;
		};
/* End PBXSourcesBuildPhase section */

/* Begin PBXTargetDependency section */
		5ACA929B216CA0850052EC26 /* PBXTargetDependency */ = {
			isa = PBXTargetDependency;
			target = 5ACA9281216CA0840052EC26 /* HongTai */;
			targetProxy = 5ACA929A216CA0850052EC26 /* PBXContainerItemProxy */;
		};
		5ACA92A6216CA0860052EC26 /* PBXTargetDependency */ = {
			isa = PBXTargetDependency;
			target = 5ACA9281216CA0840052EC26 /* HongTai */;
			targetProxy = 5ACA92A5216CA0860052EC26 /* PBXContainerItemProxy */;
		};
/* End PBXTargetDependency section */

/* Begin PBXVariantGroup section */
		5ACA9289216CA0840052EC26 /* Main.storyboard */ = {
			isa = PBXVariantGroup;
			children = (
				5ACA928A216CA0840052EC26 /* Base */,
			);
			name = Main.storyboard;
			sourceTree = "<group>";
		};
		5ACA9291216CA0850052EC26 /* LaunchScreen.storyboard */ = {
			isa = PBXVariantGroup;
			children = (
				5ACA9292216CA0850052EC26 /* Base */,
			);
			name = LaunchScreen.storyboard;
			sourceTree = "<group>";
		};
/* End PBXVariantGroup section */

/* Begin XCBuildConfiguration section */
		5ACA92AB216CA0860052EC26 /* Debug */ = {
			isa = XCBuildConfiguration;
			buildSettings = {
				ALWAYS_SEARCH_USER_PATHS = NO;
				CLANG_ANALYZER_NONNULL = YES;
				CLANG_ANALYZER_NUMBER_OBJECT_CONVERSION = YES_AGGRESSIVE;
				CLANG_CXX_LANGUAGE_STANDARD = "gnu++14";
				CLANG_CXX_LIBRARY = "libc++";
				CLANG_ENABLE_MODULES = YES;
				CLANG_ENABLE_OBJC_ARC = YES;
				CLANG_ENABLE_OBJC_WEAK = YES;
				CLANG_WARN_BLOCK_CAPTURE_AUTORELEASING = YES;
				CLANG_WARN_BOOL_CONVERSION = YES;
				CLANG_WARN_COMMA = YES;
				CLANG_WARN_CONSTANT_CONVERSION = YES;
				CLANG_WARN_DEPRECATED_OBJC_IMPLEMENTATIONS = YES;
				CLANG_WARN_DIRECT_OBJC_ISA_USAGE = YES_ERROR;
				CLANG_WARN_DOCUMENTATION_COMMENTS = YES;
				CLANG_WARN_EMPTY_BODY = YES;
				CLANG_WARN_ENUM_CONVERSION = YES;
				CLANG_WARN_INFINITE_RECURSION = YES;
				CLANG_WARN_INT_CONVERSION = YES;
				CLANG_WARN_NON_LITERAL_NULL_CONVERSION = YES;
				CLANG_WARN_OBJC_IMPLICIT_RETAIN_SELF = YES;
				CLANG_WARN_OBJC_LITERAL_CONVERSION = YES;
				CLANG_WARN_OBJC_ROOT_CLASS = YES_ERROR;
				CLANG_WARN_RANGE_LOOP_ANALYSIS = YES;
				CLANG_WARN_STRICT_PROTOTYPES = YES;
				CLANG_WARN_SUSPICIOUS_MOVE = YES;
				CLANG_WARN_UNGUARDED_AVAILABILITY = YES_AGGRESSIVE;
				CLANG_WARN_UNREACHABLE_CODE = YES;
				CLANG_WARN__DUPLICATE_METHOD_MATCH = YES;
				CODE_SIGN_IDENTITY = "iPhone Developer";
				COPY_PHASE_STRIP = NO;
				DEBUG_INFORMATION_FORMAT = dwarf;
				ENABLE_STRICT_OBJC_MSGSEND = YES;
				ENABLE_TESTABILITY = YES;
				GCC_C_LANGUAGE_STANDARD = gnu11;
				GCC_DYNAMIC_NO_PIC = NO;
				GCC_NO_COMMON_BLOCKS = YES;
				GCC_OPTIMIZATION_LEVEL = 0;
				GCC_PREPROCESSOR_DEFINITIONS = (
					"DEBUG=1",
					"$(inherited)",
				);
				GCC_WARN_64_TO_32_BIT_CONVERSION = YES;
				GCC_WARN_ABOUT_RETURN_TYPE = YES_ERROR;
				GCC_WARN_UNDECLARED_SELECTOR = YES;
				GCC_WARN_UNINITIALIZED_AUTOS = YES_AGGRESSIVE;
				GCC_WARN_UNUSED_FUNCTION = YES;
				GCC_WARN_UNUSED_VARIABLE = YES;
				IPHONEOS_DEPLOYMENT_TARGET = 12.0;
				MTL_ENABLE_DEBUG_INFO = INCLUDE_SOURCE;
				MTL_FAST_MATH = YES;
				ONLY_ACTIVE_ARCH = YES;
				SDKROOT = iphoneos;
				SWIFT_ACTIVE_COMPILATION_CONDITIONS = DEBUG;
				SWIFT_OPTIMIZATION_LEVEL = "-Onone";
			};
			name = Debug;
		};
		5ACA92AC216CA0860052EC26 /* Release */ = {
			isa = XCBuildConfiguration;
			buildSettings = {
				ALWAYS_SEARCH_USER_PATHS = NO;
				CLANG_ANALYZER_NONNULL = YES;
				CLANG_ANALYZER_NUMBER_OBJECT_CONVERSION = YES_AGGRESSIVE;
				CLANG_CXX_LANGUAGE_STANDARD = "gnu++14";
				CLANG_CXX_LIBRARY = "libc++";
				CLANG_ENABLE_MODULES = YES;
				CLANG_ENABLE_OBJC_ARC = YES;
				CLANG_ENABLE_OBJC_WEAK = YES;
				CLANG_WARN_BLOCK_CAPTURE_AUTORELEASING = YES;
				CLANG_WARN_BOOL_CONVERSION = YES;
				CLANG_WARN_COMMA = YES;
				CLANG_WARN_CONSTANT_CONVERSION = YES;
				CLANG_WARN_DEPRECATED_OBJC_IMPLEMENTATIONS = YES;
				CLANG_WARN_DIRECT_OBJC_ISA_USAGE = YES_ERROR;
				CLANG_WARN_DOCUMENTATION_COMMENTS = YES;
				CLANG_WARN_EMPTY_BODY = YES;
				CLANG_WARN_ENUM_CONVERSION = YES;
				CLANG_WARN_INFINITE_RECURSION = YES;
				CLANG_WARN_INT_CONVERSION = YES;
				CLANG_WARN_NON_LITERAL_NULL_CONVERSION = YES;
				CLANG_WARN_OBJC_IMPLICIT_RETAIN_SELF = YES;
				CLANG_WARN_OBJC_LITERAL_CONVERSION = YES;
				CLANG_WARN_OBJC_ROOT_CLASS = YES_ERROR;
				CLANG_WARN_RANGE_LOOP_ANALYSIS = YES;
				CLANG_WARN_STRICT_PROTOTYPES = YES;
				CLANG_WARN_SUSPICIOUS_MOVE = YES;
				CLANG_WARN_UNGUARDED_AVAILABILITY = YES_AGGRESSIVE;
				CLANG_WARN_UNREACHABLE_CODE = YES;
				CLANG_WARN__DUPLICATE_METHOD_MATCH = YES;
				CODE_SIGN_IDENTITY = "iPhone Developer";
				COPY_PHASE_STRIP = NO;
				DEBUG_INFORMATION_FORMAT = "dwarf-with-dsym";
				ENABLE_NS_ASSERTIONS = NO;
				ENABLE_STRICT_OBJC_MSGSEND = YES;
				GCC_C_LANGUAGE_STANDARD = gnu11;
				GCC_NO_COMMON_BLOCKS = YES;
				GCC_WARN_64_TO_32_BIT_CONVERSION = YES;
				GCC_WARN_ABOUT_RETURN_TYPE = YES_ERROR;
				GCC_WARN_UNDECLARED_SELECTOR = YES;
				GCC_WARN_UNINITIALIZED_AUTOS = YES_AGGRESSIVE;
				GCC_WARN_UNUSED_FUNCTION = YES;
				GCC_WARN_UNUSED_VARIABLE = YES;
				IPHONEOS_DEPLOYMENT_TARGET = 12.0;
				MTL_ENABLE_DEBUG_INFO = NO;
				MTL_FAST_MATH = YES;
				SDKROOT = iphoneos;
				SWIFT_COMPILATION_MODE = wholemodule;
				SWIFT_OPTIMIZATION_LEVEL = "-O";
				VALIDATE_PRODUCT = YES;
			};
			name = Release;
		};
		5ACA92AE216CA0860052EC26 /* Debug */ = {
			isa = XCBuildConfiguration;
			buildSettings = {
				ASSETCATALOG_COMPILER_APPICON_NAME = AppIcon;
				ASSETCATALOG_COMPILER_LAUNCHIMAGE_NAME = LaunchImage;
				CLANG_CXX_LIBRARY = "libc++";
				CODE_SIGN_STYLE = Automatic;
				DEVELOPMENT_TEAM = H966LS87H7;
				INFOPLIST_FILE = HongTai/Info.plist;
				LD_RUNPATH_SEARCH_PATHS = (
					"$(inherited)",
					"@executable_path/Frameworks",
				);
				PRODUCT_BUNDLE_IDENTIFIER = "ninth-studio.HongTai";
				PRODUCT_NAME = "$(TARGET_NAME)";
				SWIFT_OBJC_BRIDGING_HEADER = bridge.h;
				SWIFT_VERSION = 4.2;
				TARGETED_DEVICE_FAMILY = "1,2";
			};
			name = Debug;
		};
		5ACA92AF216CA0860052EC26 /* Release */ = {
			isa = XCBuildConfiguration;
			buildSettings = {
				ASSETCATALOG_COMPILER_APPICON_NAME = AppIcon;
				ASSETCATALOG_COMPILER_LAUNCHIMAGE_NAME = LaunchImage;
				CLANG_CXX_LIBRARY = "libc++";
				CODE_SIGN_STYLE = Automatic;
				DEVELOPMENT_TEAM = H966LS87H7;
				INFOPLIST_FILE = HongTai/Info.plist;
				LD_RUNPATH_SEARCH_PATHS = (
					"$(inherited)",
					"@executable_path/Frameworks",
				);
				PRODUCT_BUNDLE_IDENTIFIER = "ninth-studio.HongTai";
				PRODUCT_NAME = "$(TARGET_NAME)";
				SWIFT_OBJC_BRIDGING_HEADER = bridge.h;
				SWIFT_VERSION = 4.2;
				TARGETED_DEVICE_FAMILY = "1,2";
			};
			name = Release;
		};
		5ACA92B1216CA0860052EC26 /* Debug */ = {
			isa = XCBuildConfiguration;
			buildSettings = {
				ALWAYS_EMBED_SWIFT_STANDARD_LIBRARIES = YES;
				BUNDLE_LOADER = "$(TEST_HOST)";
				CODE_SIGN_STYLE = Automatic;
				DEVELOPMENT_TEAM = H966LS87H7;
				INFOPLIST_FILE = HongTaiTests/Info.plist;
				LD_RUNPATH_SEARCH_PATHS = (
					"$(inherited)",
					"@executable_path/Frameworks",
					"@loader_path/Frameworks",
				);
				PRODUCT_BUNDLE_IDENTIFIER = "ninth-studio.HongTaiTests";
				PRODUCT_NAME = "$(TARGET_NAME)";
				SWIFT_VERSION = 4.2;
				TARGETED_DEVICE_FAMILY = "1,2";
				TEST_HOST = "$(BUILT_PRODUCTS_DIR)/HongTai.app/HongTai";
			};
			name = Debug;
		};
		5ACA92B2216CA0860052EC26 /* Release */ = {
			isa = XCBuildConfiguration;
			buildSettings = {
				ALWAYS_EMBED_SWIFT_STANDARD_LIBRARIES = YES;
				BUNDLE_LOADER = "$(TEST_HOST)";
				CODE_SIGN_STYLE = Automatic;
				DEVELOPMENT_TEAM = H966LS87H7;
				INFOPLIST_FILE = HongTaiTests/Info.plist;
				LD_RUNPATH_SEARCH_PATHS = (
					"$(inherited)",
					"@executable_path/Frameworks",
					"@loader_path/Frameworks",
				);
				PRODUCT_BUNDLE_IDENTIFIER = "ninth-studio.HongTaiTests";
				PRODUCT_NAME = "$(TARGET_NAME)";
				SWIFT_VERSION = 4.2;
				TARGETED_DEVICE_FAMILY = "1,2";
				TEST_HOST = "$(BUILT_PRODUCTS_DIR)/HongTai.app/HongTai";
			};
			name = Release;
		};
		5ACA92B4216CA0860052EC26 /* Debug */ = {
			isa = XCBuildConfiguration;
			buildSettings = {
				ALWAYS_EMBED_SWIFT_STANDARD_LIBRARIES = YES;
				CODE_SIGN_STYLE = Automatic;
				DEVELOPMENT_TEAM = H966LS87H7;
				INFOPLIST_FILE = HongTaiUITests/Info.plist;
				LD_RUNPATH_SEARCH_PATHS = (
					"$(inherited)",
					"@executable_path/Frameworks",
					"@loader_path/Frameworks",
				);
				PRODUCT_BUNDLE_IDENTIFIER = "ninth-studio.HongTaiUITests";
				PRODUCT_NAME = "$(TARGET_NAME)";
				SWIFT_VERSION = 4.2;
				TARGETED_DEVICE_FAMILY = "1,2";
				TEST_TARGET_NAME = HongTai;
			};
			name = Debug;
		};
		5ACA92B5216CA0860052EC26 /* Release */ = {
			isa = XCBuildConfiguration;
			buildSettings = {
				ALWAYS_EMBED_SWIFT_STANDARD_LIBRARIES = YES;
				CODE_SIGN_STYLE = Automatic;
				DEVELOPMENT_TEAM = H966LS87H7;
				INFOPLIST_FILE = HongTaiUITests/Info.plist;
				LD_RUNPATH_SEARCH_PATHS = (
					"$(inherited)",
					"@executable_path/Frameworks",
					"@loader_path/Frameworks",
				);
				PRODUCT_BUNDLE_IDENTIFIER = "ninth-studio.HongTaiUITests";
				PRODUCT_NAME = "$(TARGET_NAME)";
				SWIFT_VERSION = 4.2;
				TARGETED_DEVICE_FAMILY = "1,2";
				TEST_TARGET_NAME = HongTai;
			};
			name = Release;
		};
/* End XCBuildConfiguration section */

/* Begin XCConfigurationList section */
		5ACA927D216CA0840052EC26 /* Build configuration list for PBXProject "HongTai" */ = {
			isa = XCConfigurationList;
			buildConfigurations = (
				5ACA92AB216CA0860052EC26 /* Debug */,
				5ACA92AC216CA0860052EC26 /* Release */,
			);
			defaultConfigurationIsVisible = 0;
			defaultConfigurationName = Release;
		};
		5ACA92AD216CA0860052EC26 /* Build configuration list for PBXNativeTarget "HongTai" */ = {
			isa = XCConfigurationList;
			buildConfigurations = (
				5ACA92AE216CA0860052EC26 /* Debug */,
				5ACA92AF216CA0860052EC26 /* Release */,
			);
			defaultConfigurationIsVisible = 0;
			defaultConfigurationName = Release;
		};
		5ACA92B0216CA0860052EC26 /* Build configuration list for PBXNativeTarget "HongTaiTests" */ = {
			isa = XCConfigurationList;
			buildConfigurations = (
				5ACA92B1216CA0860052EC26 /* Debug */,
				5ACA92B2216CA0860052EC26 /* Release */,
			);
			defaultConfigurationIsVisible = 0;
			defaultConfigurationName = Release;
		};
		5ACA92B3216CA0860052EC26 /* Build configuration list for PBXNativeTarget "HongTaiUITests" */ = {
			isa = XCConfigurationList;
			buildConfigurations = (
				5ACA92B4216CA0860052EC26 /* Debug */,
				5ACA92B5216CA0860052EC26 /* Release */,
			);
			defaultConfigurationIsVisible = 0;
			defaultConfigurationName = Release;
		};
/* End XCConfigurationList section */

/* Begin XCVersionGroup section */
		921BA1E12189A20C00126E59 /* Model.xcdatamodeld */ = {
			isa = XCVersionGroup;
			children = (
				921BA1E22189A20C00126E59 /* Model.xcdatamodel */,
			);
			currentVersion = 921BA1E22189A20C00126E59 /* Model.xcdatamodel */;
			path = Model.xcdatamodeld;
			sourceTree = "<group>";
			versionGroupType = wrapper.xcdatamodel;
		};
/* End XCVersionGroup section */
	};
	rootObject = 5ACA927A216CA0840052EC26 /* Project object */;
}
